
Microsoft Visual Studio Solution File, Format Version 12.00
# Visual Studio 2013
VisualStudioVersion = 12.0.30110.0
MinimumVisualStudioVersion = 10.0.40219.1
Project("{2150E333-8FDC-42A3-9474-1A3956D46DE8}") = "src", "src", "{35BED7DE-CA6F-41EA-91E3-25CA7295C7B9}"
EndProject
Project("{2150E333-8FDC-42A3-9474-1A3956D46DE8}") = "test", "test", "{547020C0-976F-4542-81CE-7FD465595614}"
EndProject
Project("{2150E333-8FDC-42A3-9474-1A3956D46DE8}") = "k10", "k10", "{383A6616-9885-44BF-B4D0-433DE1CF4501}"
EndProject
Project("{2150E333-8FDC-42A3-9474-1A3956D46DE8}") = "net45", "net45", "{4427BB69-D9D9-47D3-B6BB-59578B1FCF24}"
EndProject
Project("{FAE04EC0-301F-11D3-BF4B-00C04F79EFBC}") = "Microsoft.Data.Entity.k10", "src\Microsoft.Data.Entity\Microsoft.Data.Entity.k10.csproj", "{399ACC13-6972-4484-A0BD-9F91296CC220}"
EndProject
Project("{FAE04EC0-301F-11D3-BF4B-00C04F79EFBC}") = "Microsoft.Data.InMemory.k10", "src\Microsoft.Data.InMemory\Microsoft.Data.InMemory.k10.csproj", "{9924B66F-57F3-43F5-89F4-A560A6470DA3}"
EndProject
Project("{FAE04EC0-301F-11D3-BF4B-00C04F79EFBC}") = "Microsoft.Data.Relational.k10", "src\Microsoft.Data.Relational\Microsoft.Data.Relational.k10.csproj", "{895E3376-22A5-449D-AAEB-407DD28C4CE7}"
EndProject
Project("{FAE04EC0-301F-11D3-BF4B-00C04F79EFBC}") = "Microsoft.Data.SQLite.Entity.k10", "src\Microsoft.Data.SQLite.Entity\Microsoft.Data.SQLite.Entity.k10.csproj", "{F86D8125-0DAC-4E9F-81EE-E2EEF23F5D83}"
EndProject
Project("{FAE04EC0-301F-11D3-BF4B-00C04F79EFBC}") = "Microsoft.Data.SqlServer.k10", "src\Microsoft.Data.SqlServer\Microsoft.Data.SqlServer.k10.csproj", "{2E7C4BB1-9680-40D3-832B-6C5369DB8569}"
EndProject
Project("{FAE04EC0-301F-11D3-BF4B-00C04F79EFBC}") = "Microsoft.Data.Entity.net45", "src\Microsoft.Data.Entity\Microsoft.Data.Entity.net45.csproj", "{71415CEC-8111-4C73-8751-512D22F10602}"
EndProject
Project("{FAE04EC0-301F-11D3-BF4B-00C04F79EFBC}") = "Microsoft.Data.InMemory.net45", "src\Microsoft.Data.InMemory\Microsoft.Data.InMemory.net45.csproj", "{BA3F5DBC-EC16-4D5A-8298-8226E6C5ACCC}"
EndProject
Project("{FAE04EC0-301F-11D3-BF4B-00C04F79EFBC}") = "Microsoft.Data.Relational.net45", "src\Microsoft.Data.Relational\Microsoft.Data.Relational.net45.csproj", "{75C5A774-A3F3-43EB-97D3-DBE0CF2825D8}"
EndProject
Project("{FAE04EC0-301F-11D3-BF4B-00C04F79EFBC}") = "Microsoft.Data.SQLite.Entity.net45", "src\Microsoft.Data.SQLite.Entity\Microsoft.Data.SQLite.Entity.net45.csproj", "{4CC98896-FE91-4F16-AE60-D6FF9E905836}"
EndProject
Project("{FAE04EC0-301F-11D3-BF4B-00C04F79EFBC}") = "Microsoft.Data.SqlServer.net45", "src\Microsoft.Data.SqlServer\Microsoft.Data.SqlServer.net45.csproj", "{04E6620B-5B41-45FE-981A-F40EB7686B0E}"
EndProject
Project("{2150E333-8FDC-42A3-9474-1A3956D46DE8}") = "net45", "net45", "{13FEFC36-1C4B-47FC-9086-8D922285D8C4}"
EndProject
Project("{FAE04EC0-301F-11D3-BF4B-00C04F79EFBC}") = "Microsoft.Data.Entity.Tests.net45", "test\Microsoft.Data.Entity.Tests\Microsoft.Data.Entity.Tests.net45.csproj", "{EF361118-7D0D-453E-ADA4-2F24FBEE196C}"
EndProject
Project("{FAE04EC0-301F-11D3-BF4B-00C04F79EFBC}") = "Microsoft.Data.Entity.FunctionalTest.net45", "test\Microsoft.Data.Entity.FunctionalTest\Microsoft.Data.Entity.FunctionalTest.net45.csproj", "{CA431AD7-2D95-402B-AC17-214994E81943}"
EndProject
Project("{FAE04EC0-301F-11D3-BF4B-00C04F79EFBC}") = "Microsoft.Data.SqlServer.Tests.net45", "test\Microsoft.Data.SqlServer.Tests\Microsoft.Data.SqlServer.Tests.net45.csproj", "{3159FABC-0C89-41FF-A279-48665CC068DC}"
EndProject
Project("{FAE04EC0-301F-11D3-BF4B-00C04F79EFBC}") = "Microsoft.Data.SqlServer.FunctionalTest.net45", "test\Microsoft.Data.SqlServer.FunctionalTest\Microsoft.Data.SqlServer.FunctionalTest.net45.csproj", "{B9A39248-3648-4C90-A936-8CD90FFAE7A6}"
EndProject
Project("{FAE04EC0-301F-11D3-BF4B-00C04F79EFBC}") = "Microsoft.Data.Migrations.net45", "src\Microsoft.Data.Migrations\Microsoft.Data.Migrations.net45.csproj", "{6E38B72F-31DA-4AEF-8F34-B8269572EC6B}"
EndProject
Project("{FAE04EC0-301F-11D3-BF4B-00C04F79EFBC}") = "Microsoft.Data.Migrations.k10", "src\Microsoft.Data.Migrations\Microsoft.Data.Migrations.k10.csproj", "{6983B107-265E-439F-9B82-162CFB9BFBA4}"
EndProject
Project("{FAE04EC0-301F-11D3-BF4B-00C04F79EFBC}") = "Microsoft.Data.Migrations.Tests.net45", "test\Microsoft.Data.Migrations.Tests\Microsoft.Data.Migrations.Tests.net45.csproj", "{50F8CE3F-907C-48A6-A7EB-73CC631ADBE6}"
EndProject
Project("{FAE04EC0-301F-11D3-BF4B-00C04F79EFBC}") = "Microsoft.Data.Migrations.FunctionalTest.net45", "test\Microsoft.Data.Migrations.FunctionalTest\Microsoft.Data.Migrations.FunctionalTest.net45.csproj", "{E3C4C2F5-B8CF-4795-90F1-364A23DAEE43}"
EndProject
Project("{FAE04EC0-301F-11D3-BF4B-00C04F79EFBC}") = "Microsoft.Data.Relational.Tests.net45", "test\Microsoft.Data.Relational.Tests\Microsoft.Data.Relational.Tests.net45.csproj", "{001005B3-D16F-4399-9265-A67D619652BD}"
EndProject
Project("{FAE04EC0-301F-11D3-BF4B-00C04F79EFBC}") = "Microsoft.Data.Relational.FunctionalTest.net45", "test\Microsoft.Data.Relational.FunctionalTest\Microsoft.Data.Relational.FunctionalTest.net45.csproj", "{5E888D49-467B-4F2B-B723-7D76C5D21841}"
EndProject
Project("{FAE04EC0-301F-11D3-BF4B-00C04F79EFBC}") = "Microsoft.Data.InMemory.Tests.net45", "test\Microsoft.Data.InMemory.Tests\Microsoft.Data.InMemory.Tests.net45.csproj", "{81EF720B-EC6D-456F-9FA6-71DA7D4ED3BF}"
EndProject
Project("{2150E333-8FDC-42A3-9474-1A3956D46DE8}") = ".nuget", ".nuget", "{B9B2EE20-C88F-412C-9A0A-072569082955}"
	ProjectSection(SolutionItems) = preProject
		.nuget\packages.config = .nuget\packages.config
	EndProjectSection
EndProject
Global
	GlobalSection(SolutionConfigurationPlatforms) = preSolution
		Debug|Any CPU = Debug|Any CPU
		Debug|Mixed Platforms = Debug|Mixed Platforms
		Debug|x86 = Debug|x86
		Release|Any CPU = Release|Any CPU
		Release|Mixed Platforms = Release|Mixed Platforms
		Release|x86 = Release|x86
	EndGlobalSection
	GlobalSection(ProjectConfigurationPlatforms) = postSolution
		{399ACC13-6972-4484-A0BD-9F91296CC220}.Debug|Any CPU.ActiveCfg = Debug|Any CPU
		{399ACC13-6972-4484-A0BD-9F91296CC220}.Debug|Any CPU.Build.0 = Debug|Any CPU
		{399ACC13-6972-4484-A0BD-9F91296CC220}.Debug|Mixed Platforms.ActiveCfg = Debug|Any CPU
		{399ACC13-6972-4484-A0BD-9F91296CC220}.Debug|Mixed Platforms.Build.0 = Debug|Any CPU
		{399ACC13-6972-4484-A0BD-9F91296CC220}.Debug|x86.ActiveCfg = Debug|Any CPU
		{399ACC13-6972-4484-A0BD-9F91296CC220}.Release|Any CPU.ActiveCfg = Release|Any CPU
		{399ACC13-6972-4484-A0BD-9F91296CC220}.Release|Any CPU.Build.0 = Release|Any CPU
		{399ACC13-6972-4484-A0BD-9F91296CC220}.Release|Mixed Platforms.ActiveCfg = Release|Any CPU
		{399ACC13-6972-4484-A0BD-9F91296CC220}.Release|Mixed Platforms.Build.0 = Release|Any CPU
		{399ACC13-6972-4484-A0BD-9F91296CC220}.Release|x86.ActiveCfg = Release|Any CPU
		{9924B66F-57F3-43F5-89F4-A560A6470DA3}.Debug|Any CPU.ActiveCfg = Debug|Any CPU
		{9924B66F-57F3-43F5-89F4-A560A6470DA3}.Debug|Any CPU.Build.0 = Debug|Any CPU
		{9924B66F-57F3-43F5-89F4-A560A6470DA3}.Debug|Mixed Platforms.ActiveCfg = Debug|Any CPU
		{9924B66F-57F3-43F5-89F4-A560A6470DA3}.Debug|Mixed Platforms.Build.0 = Debug|Any CPU
		{9924B66F-57F3-43F5-89F4-A560A6470DA3}.Debug|x86.ActiveCfg = Debug|Any CPU
		{9924B66F-57F3-43F5-89F4-A560A6470DA3}.Release|Any CPU.ActiveCfg = Release|Any CPU
		{9924B66F-57F3-43F5-89F4-A560A6470DA3}.Release|Any CPU.Build.0 = Release|Any CPU
		{9924B66F-57F3-43F5-89F4-A560A6470DA3}.Release|Mixed Platforms.ActiveCfg = Release|Any CPU
		{9924B66F-57F3-43F5-89F4-A560A6470DA3}.Release|Mixed Platforms.Build.0 = Release|Any CPU
		{9924B66F-57F3-43F5-89F4-A560A6470DA3}.Release|x86.ActiveCfg = Release|Any CPU
		{895E3376-22A5-449D-AAEB-407DD28C4CE7}.Debug|Any CPU.ActiveCfg = Debug|Any CPU
		{895E3376-22A5-449D-AAEB-407DD28C4CE7}.Debug|Any CPU.Build.0 = Debug|Any CPU
		{895E3376-22A5-449D-AAEB-407DD28C4CE7}.Debug|Mixed Platforms.ActiveCfg = Debug|Any CPU
		{895E3376-22A5-449D-AAEB-407DD28C4CE7}.Debug|Mixed Platforms.Build.0 = Debug|Any CPU
		{895E3376-22A5-449D-AAEB-407DD28C4CE7}.Debug|x86.ActiveCfg = Debug|Any CPU
		{895E3376-22A5-449D-AAEB-407DD28C4CE7}.Release|Any CPU.ActiveCfg = Release|Any CPU
		{895E3376-22A5-449D-AAEB-407DD28C4CE7}.Release|Any CPU.Build.0 = Release|Any CPU
		{895E3376-22A5-449D-AAEB-407DD28C4CE7}.Release|Mixed Platforms.ActiveCfg = Release|Any CPU
		{895E3376-22A5-449D-AAEB-407DD28C4CE7}.Release|Mixed Platforms.Build.0 = Release|Any CPU
		{895E3376-22A5-449D-AAEB-407DD28C4CE7}.Release|x86.ActiveCfg = Release|Any CPU
		{F86D8125-0DAC-4E9F-81EE-E2EEF23F5D83}.Debug|Any CPU.ActiveCfg = Debug|Any CPU
		{F86D8125-0DAC-4E9F-81EE-E2EEF23F5D83}.Debug|Any CPU.Build.0 = Debug|Any CPU
		{F86D8125-0DAC-4E9F-81EE-E2EEF23F5D83}.Debug|Mixed Platforms.ActiveCfg = Debug|Any CPU
		{F86D8125-0DAC-4E9F-81EE-E2EEF23F5D83}.Debug|Mixed Platforms.Build.0 = Debug|Any CPU
		{F86D8125-0DAC-4E9F-81EE-E2EEF23F5D83}.Debug|x86.ActiveCfg = Debug|Any CPU
		{F86D8125-0DAC-4E9F-81EE-E2EEF23F5D83}.Release|Any CPU.ActiveCfg = Release|Any CPU
		{F86D8125-0DAC-4E9F-81EE-E2EEF23F5D83}.Release|Any CPU.Build.0 = Release|Any CPU
		{F86D8125-0DAC-4E9F-81EE-E2EEF23F5D83}.Release|Mixed Platforms.ActiveCfg = Release|Any CPU
		{F86D8125-0DAC-4E9F-81EE-E2EEF23F5D83}.Release|Mixed Platforms.Build.0 = Release|Any CPU
		{F86D8125-0DAC-4E9F-81EE-E2EEF23F5D83}.Release|x86.ActiveCfg = Release|Any CPU
		{2E7C4BB1-9680-40D3-832B-6C5369DB8569}.Debug|Any CPU.ActiveCfg = Debug|Any CPU
		{2E7C4BB1-9680-40D3-832B-6C5369DB8569}.Debug|Any CPU.Build.0 = Debug|Any CPU
		{2E7C4BB1-9680-40D3-832B-6C5369DB8569}.Debug|Mixed Platforms.ActiveCfg = Debug|Any CPU
		{2E7C4BB1-9680-40D3-832B-6C5369DB8569}.Debug|Mixed Platforms.Build.0 = Debug|Any CPU
		{2E7C4BB1-9680-40D3-832B-6C5369DB8569}.Debug|x86.ActiveCfg = Debug|Any CPU
		{2E7C4BB1-9680-40D3-832B-6C5369DB8569}.Release|Any CPU.ActiveCfg = Release|Any CPU
		{2E7C4BB1-9680-40D3-832B-6C5369DB8569}.Release|Any CPU.Build.0 = Release|Any CPU
		{2E7C4BB1-9680-40D3-832B-6C5369DB8569}.Release|Mixed Platforms.ActiveCfg = Release|Any CPU
		{2E7C4BB1-9680-40D3-832B-6C5369DB8569}.Release|Mixed Platforms.Build.0 = Release|Any CPU
		{2E7C4BB1-9680-40D3-832B-6C5369DB8569}.Release|x86.ActiveCfg = Release|Any CPU
		{71415CEC-8111-4C73-8751-512D22F10602}.Debug|Any CPU.ActiveCfg = Debug|Any CPU
		{71415CEC-8111-4C73-8751-512D22F10602}.Debug|Any CPU.Build.0 = Debug|Any CPU
		{71415CEC-8111-4C73-8751-512D22F10602}.Debug|Mixed Platforms.ActiveCfg = Debug|Any CPU
		{71415CEC-8111-4C73-8751-512D22F10602}.Debug|Mixed Platforms.Build.0 = Debug|Any CPU
		{71415CEC-8111-4C73-8751-512D22F10602}.Debug|x86.ActiveCfg = Debug|Any CPU
		{71415CEC-8111-4C73-8751-512D22F10602}.Release|Any CPU.ActiveCfg = Release|Any CPU
		{71415CEC-8111-4C73-8751-512D22F10602}.Release|Any CPU.Build.0 = Release|Any CPU
		{71415CEC-8111-4C73-8751-512D22F10602}.Release|Mixed Platforms.ActiveCfg = Release|Any CPU
		{71415CEC-8111-4C73-8751-512D22F10602}.Release|Mixed Platforms.Build.0 = Release|Any CPU
		{71415CEC-8111-4C73-8751-512D22F10602}.Release|x86.ActiveCfg = Release|Any CPU
		{BA3F5DBC-EC16-4D5A-8298-8226E6C5ACCC}.Debug|Any CPU.ActiveCfg = Debug|Any CPU
		{BA3F5DBC-EC16-4D5A-8298-8226E6C5ACCC}.Debug|Any CPU.Build.0 = Debug|Any CPU
		{BA3F5DBC-EC16-4D5A-8298-8226E6C5ACCC}.Debug|Mixed Platforms.ActiveCfg = Debug|Any CPU
		{BA3F5DBC-EC16-4D5A-8298-8226E6C5ACCC}.Debug|Mixed Platforms.Build.0 = Debug|Any CPU
		{BA3F5DBC-EC16-4D5A-8298-8226E6C5ACCC}.Debug|x86.ActiveCfg = Debug|Any CPU
		{BA3F5DBC-EC16-4D5A-8298-8226E6C5ACCC}.Release|Any CPU.ActiveCfg = Release|Any CPU
		{BA3F5DBC-EC16-4D5A-8298-8226E6C5ACCC}.Release|Any CPU.Build.0 = Release|Any CPU
		{BA3F5DBC-EC16-4D5A-8298-8226E6C5ACCC}.Release|Mixed Platforms.ActiveCfg = Release|Any CPU
		{BA3F5DBC-EC16-4D5A-8298-8226E6C5ACCC}.Release|Mixed Platforms.Build.0 = Release|Any CPU
		{BA3F5DBC-EC16-4D5A-8298-8226E6C5ACCC}.Release|x86.ActiveCfg = Release|Any CPU
		{75C5A774-A3F3-43EB-97D3-DBE0CF2825D8}.Debug|Any CPU.ActiveCfg = Debug|Any CPU
		{75C5A774-A3F3-43EB-97D3-DBE0CF2825D8}.Debug|Any CPU.Build.0 = Debug|Any CPU
		{75C5A774-A3F3-43EB-97D3-DBE0CF2825D8}.Debug|Mixed Platforms.ActiveCfg = Debug|Any CPU
		{75C5A774-A3F3-43EB-97D3-DBE0CF2825D8}.Debug|Mixed Platforms.Build.0 = Debug|Any CPU
		{75C5A774-A3F3-43EB-97D3-DBE0CF2825D8}.Debug|x86.ActiveCfg = Debug|Any CPU
		{75C5A774-A3F3-43EB-97D3-DBE0CF2825D8}.Release|Any CPU.ActiveCfg = Release|Any CPU
		{75C5A774-A3F3-43EB-97D3-DBE0CF2825D8}.Release|Any CPU.Build.0 = Release|Any CPU
		{75C5A774-A3F3-43EB-97D3-DBE0CF2825D8}.Release|Mixed Platforms.ActiveCfg = Release|Any CPU
		{75C5A774-A3F3-43EB-97D3-DBE0CF2825D8}.Release|Mixed Platforms.Build.0 = Release|Any CPU
		{75C5A774-A3F3-43EB-97D3-DBE0CF2825D8}.Release|x86.ActiveCfg = Release|Any CPU
		{4CC98896-FE91-4F16-AE60-D6FF9E905836}.Debug|Any CPU.ActiveCfg = Debug|Any CPU
		{4CC98896-FE91-4F16-AE60-D6FF9E905836}.Debug|Any CPU.Build.0 = Debug|Any CPU
		{4CC98896-FE91-4F16-AE60-D6FF9E905836}.Debug|Mixed Platforms.ActiveCfg = Debug|Any CPU
		{4CC98896-FE91-4F16-AE60-D6FF9E905836}.Debug|Mixed Platforms.Build.0 = Debug|Any CPU
		{4CC98896-FE91-4F16-AE60-D6FF9E905836}.Debug|x86.ActiveCfg = Debug|Any CPU
		{4CC98896-FE91-4F16-AE60-D6FF9E905836}.Release|Any CPU.ActiveCfg = Release|Any CPU
		{4CC98896-FE91-4F16-AE60-D6FF9E905836}.Release|Any CPU.Build.0 = Release|Any CPU
		{4CC98896-FE91-4F16-AE60-D6FF9E905836}.Release|Mixed Platforms.ActiveCfg = Release|Any CPU
		{4CC98896-FE91-4F16-AE60-D6FF9E905836}.Release|Mixed Platforms.Build.0 = Release|Any CPU
		{4CC98896-FE91-4F16-AE60-D6FF9E905836}.Release|x86.ActiveCfg = Release|Any CPU
		{04E6620B-5B41-45FE-981A-F40EB7686B0E}.Debug|Any CPU.ActiveCfg = Debug|Any CPU
		{04E6620B-5B41-45FE-981A-F40EB7686B0E}.Debug|Any CPU.Build.0 = Debug|Any CPU
		{04E6620B-5B41-45FE-981A-F40EB7686B0E}.Debug|Mixed Platforms.ActiveCfg = Debug|Any CPU
		{04E6620B-5B41-45FE-981A-F40EB7686B0E}.Debug|Mixed Platforms.Build.0 = Debug|Any CPU
		{04E6620B-5B41-45FE-981A-F40EB7686B0E}.Debug|x86.ActiveCfg = Debug|Any CPU
		{04E6620B-5B41-45FE-981A-F40EB7686B0E}.Release|Any CPU.ActiveCfg = Release|Any CPU
		{04E6620B-5B41-45FE-981A-F40EB7686B0E}.Release|Any CPU.Build.0 = Release|Any CPU
		{04E6620B-5B41-45FE-981A-F40EB7686B0E}.Release|Mixed Platforms.ActiveCfg = Release|Any CPU
		{04E6620B-5B41-45FE-981A-F40EB7686B0E}.Release|Mixed Platforms.Build.0 = Release|Any CPU
		{04E6620B-5B41-45FE-981A-F40EB7686B0E}.Release|x86.ActiveCfg = Release|Any CPU
		{EF361118-7D0D-453E-ADA4-2F24FBEE196C}.Debug|Any CPU.ActiveCfg = Debug|Any CPU
		{EF361118-7D0D-453E-ADA4-2F24FBEE196C}.Debug|Any CPU.Build.0 = Debug|Any CPU
		{EF361118-7D0D-453E-ADA4-2F24FBEE196C}.Debug|Mixed Platforms.ActiveCfg = Debug|Any CPU
		{EF361118-7D0D-453E-ADA4-2F24FBEE196C}.Debug|Mixed Platforms.Build.0 = Debug|Any CPU
		{EF361118-7D0D-453E-ADA4-2F24FBEE196C}.Debug|x86.ActiveCfg = Debug|Any CPU
		{EF361118-7D0D-453E-ADA4-2F24FBEE196C}.Release|Any CPU.ActiveCfg = Release|Any CPU
		{EF361118-7D0D-453E-ADA4-2F24FBEE196C}.Release|Any CPU.Build.0 = Release|Any CPU
		{EF361118-7D0D-453E-ADA4-2F24FBEE196C}.Release|Mixed Platforms.ActiveCfg = Release|Any CPU
		{EF361118-7D0D-453E-ADA4-2F24FBEE196C}.Release|Mixed Platforms.Build.0 = Release|Any CPU
		{EF361118-7D0D-453E-ADA4-2F24FBEE196C}.Release|x86.ActiveCfg = Release|Any CPU
		{CA431AD7-2D95-402B-AC17-214994E81943}.Debug|Any CPU.ActiveCfg = Debug|Any CPU
		{CA431AD7-2D95-402B-AC17-214994E81943}.Debug|Any CPU.Build.0 = Debug|Any CPU
		{CA431AD7-2D95-402B-AC17-214994E81943}.Debug|Mixed Platforms.ActiveCfg = Debug|Any CPU
		{CA431AD7-2D95-402B-AC17-214994E81943}.Debug|Mixed Platforms.Build.0 = Debug|Any CPU
		{CA431AD7-2D95-402B-AC17-214994E81943}.Debug|x86.ActiveCfg = Debug|Any CPU
		{CA431AD7-2D95-402B-AC17-214994E81943}.Release|Any CPU.ActiveCfg = Release|Any CPU
		{CA431AD7-2D95-402B-AC17-214994E81943}.Release|Any CPU.Build.0 = Release|Any CPU
		{CA431AD7-2D95-402B-AC17-214994E81943}.Release|Mixed Platforms.ActiveCfg = Release|Any CPU
		{CA431AD7-2D95-402B-AC17-214994E81943}.Release|Mixed Platforms.Build.0 = Release|Any CPU
		{CA431AD7-2D95-402B-AC17-214994E81943}.Release|x86.ActiveCfg = Release|Any CPU
		{3159FABC-0C89-41FF-A279-48665CC068DC}.Debug|Any CPU.ActiveCfg = Debug|Any CPU
		{3159FABC-0C89-41FF-A279-48665CC068DC}.Debug|Any CPU.Build.0 = Debug|Any CPU
		{3159FABC-0C89-41FF-A279-48665CC068DC}.Debug|Mixed Platforms.ActiveCfg = Debug|Any CPU
		{3159FABC-0C89-41FF-A279-48665CC068DC}.Debug|Mixed Platforms.Build.0 = Debug|Any CPU
		{3159FABC-0C89-41FF-A279-48665CC068DC}.Debug|x86.ActiveCfg = Debug|Any CPU
		{3159FABC-0C89-41FF-A279-48665CC068DC}.Release|Any CPU.ActiveCfg = Release|Any CPU
		{3159FABC-0C89-41FF-A279-48665CC068DC}.Release|Any CPU.Build.0 = Release|Any CPU
		{3159FABC-0C89-41FF-A279-48665CC068DC}.Release|Mixed Platforms.ActiveCfg = Release|Any CPU
		{3159FABC-0C89-41FF-A279-48665CC068DC}.Release|Mixed Platforms.Build.0 = Release|Any CPU
		{3159FABC-0C89-41FF-A279-48665CC068DC}.Release|x86.ActiveCfg = Release|Any CPU
		{B9A39248-3648-4C90-A936-8CD90FFAE7A6}.Debug|Any CPU.ActiveCfg = Debug|Any CPU
		{B9A39248-3648-4C90-A936-8CD90FFAE7A6}.Debug|Any CPU.Build.0 = Debug|Any CPU
		{B9A39248-3648-4C90-A936-8CD90FFAE7A6}.Debug|Mixed Platforms.ActiveCfg = Debug|Any CPU
		{B9A39248-3648-4C90-A936-8CD90FFAE7A6}.Debug|Mixed Platforms.Build.0 = Debug|Any CPU
		{B9A39248-3648-4C90-A936-8CD90FFAE7A6}.Debug|x86.ActiveCfg = Debug|Any CPU
		{B9A39248-3648-4C90-A936-8CD90FFAE7A6}.Release|Any CPU.ActiveCfg = Release|Any CPU
		{B9A39248-3648-4C90-A936-8CD90FFAE7A6}.Release|Any CPU.Build.0 = Release|Any CPU
		{B9A39248-3648-4C90-A936-8CD90FFAE7A6}.Release|Mixed Platforms.ActiveCfg = Release|Any CPU
		{B9A39248-3648-4C90-A936-8CD90FFAE7A6}.Release|Mixed Platforms.Build.0 = Release|Any CPU
		{B9A39248-3648-4C90-A936-8CD90FFAE7A6}.Release|x86.ActiveCfg = Release|Any CPU
		{6E38B72F-31DA-4AEF-8F34-B8269572EC6B}.Debug|Any CPU.ActiveCfg = Debug|Any CPU
		{6E38B72F-31DA-4AEF-8F34-B8269572EC6B}.Debug|Any CPU.Build.0 = Debug|Any CPU
		{6E38B72F-31DA-4AEF-8F34-B8269572EC6B}.Debug|Mixed Platforms.ActiveCfg = Debug|Any CPU
		{6E38B72F-31DA-4AEF-8F34-B8269572EC6B}.Debug|Mixed Platforms.Build.0 = Debug|Any CPU
		{6E38B72F-31DA-4AEF-8F34-B8269572EC6B}.Debug|x86.ActiveCfg = Debug|Any CPU
		{6E38B72F-31DA-4AEF-8F34-B8269572EC6B}.Release|Any CPU.ActiveCfg = Release|Any CPU
		{6E38B72F-31DA-4AEF-8F34-B8269572EC6B}.Release|Any CPU.Build.0 = Release|Any CPU
		{6E38B72F-31DA-4AEF-8F34-B8269572EC6B}.Release|Mixed Platforms.ActiveCfg = Release|Any CPU
		{6E38B72F-31DA-4AEF-8F34-B8269572EC6B}.Release|Mixed Platforms.Build.0 = Release|Any CPU
		{6E38B72F-31DA-4AEF-8F34-B8269572EC6B}.Release|x86.ActiveCfg = Release|Any CPU
		{6983B107-265E-439F-9B82-162CFB9BFBA4}.Debug|Any CPU.ActiveCfg = Debug|Any CPU
		{6983B107-265E-439F-9B82-162CFB9BFBA4}.Debug|Any CPU.Build.0 = Debug|Any CPU
		{6983B107-265E-439F-9B82-162CFB9BFBA4}.Debug|Mixed Platforms.ActiveCfg = Debug|Any CPU
		{6983B107-265E-439F-9B82-162CFB9BFBA4}.Debug|Mixed Platforms.Build.0 = Debug|Any CPU
		{6983B107-265E-439F-9B82-162CFB9BFBA4}.Debug|x86.ActiveCfg = Debug|Any CPU
		{6983B107-265E-439F-9B82-162CFB9BFBA4}.Release|Any CPU.ActiveCfg = Release|Any CPU
		{6983B107-265E-439F-9B82-162CFB9BFBA4}.Release|Any CPU.Build.0 = Release|Any CPU
		{6983B107-265E-439F-9B82-162CFB9BFBA4}.Release|Mixed Platforms.ActiveCfg = Release|Any CPU
		{6983B107-265E-439F-9B82-162CFB9BFBA4}.Release|Mixed Platforms.Build.0 = Release|Any CPU
		{6983B107-265E-439F-9B82-162CFB9BFBA4}.Release|x86.ActiveCfg = Release|Any CPU
		{50F8CE3F-907C-48A6-A7EB-73CC631ADBE6}.Debug|Any CPU.ActiveCfg = Debug|Any CPU
		{50F8CE3F-907C-48A6-A7EB-73CC631ADBE6}.Debug|Any CPU.Build.0 = Debug|Any CPU
		{50F8CE3F-907C-48A6-A7EB-73CC631ADBE6}.Debug|Mixed Platforms.ActiveCfg = Debug|Any CPU
		{50F8CE3F-907C-48A6-A7EB-73CC631ADBE6}.Debug|Mixed Platforms.Build.0 = Debug|Any CPU
		{50F8CE3F-907C-48A6-A7EB-73CC631ADBE6}.Debug|x86.ActiveCfg = Debug|Any CPU
		{50F8CE3F-907C-48A6-A7EB-73CC631ADBE6}.Release|Any CPU.ActiveCfg = Release|Any CPU
		{50F8CE3F-907C-48A6-A7EB-73CC631ADBE6}.Release|Any CPU.Build.0 = Release|Any CPU
		{50F8CE3F-907C-48A6-A7EB-73CC631ADBE6}.Release|Mixed Platforms.ActiveCfg = Release|Any CPU
		{50F8CE3F-907C-48A6-A7EB-73CC631ADBE6}.Release|Mixed Platforms.Build.0 = Release|Any CPU
		{50F8CE3F-907C-48A6-A7EB-73CC631ADBE6}.Release|x86.ActiveCfg = Release|Any CPU
		{E3C4C2F5-B8CF-4795-90F1-364A23DAEE43}.Debug|Any CPU.ActiveCfg = Debug|Any CPU
		{E3C4C2F5-B8CF-4795-90F1-364A23DAEE43}.Debug|Any CPU.Build.0 = Debug|Any CPU
		{E3C4C2F5-B8CF-4795-90F1-364A23DAEE43}.Debug|Mixed Platforms.ActiveCfg = Debug|Any CPU
		{E3C4C2F5-B8CF-4795-90F1-364A23DAEE43}.Debug|Mixed Platforms.Build.0 = Debug|Any CPU
		{E3C4C2F5-B8CF-4795-90F1-364A23DAEE43}.Debug|x86.ActiveCfg = Debug|Any CPU
		{E3C4C2F5-B8CF-4795-90F1-364A23DAEE43}.Release|Any CPU.ActiveCfg = Release|Any CPU
		{E3C4C2F5-B8CF-4795-90F1-364A23DAEE43}.Release|Any CPU.Build.0 = Release|Any CPU
		{E3C4C2F5-B8CF-4795-90F1-364A23DAEE43}.Release|Mixed Platforms.ActiveCfg = Release|Any CPU
		{E3C4C2F5-B8CF-4795-90F1-364A23DAEE43}.Release|Mixed Platforms.Build.0 = Release|Any CPU
		{E3C4C2F5-B8CF-4795-90F1-364A23DAEE43}.Release|x86.ActiveCfg = Release|Any CPU
		{001005B3-D16F-4399-9265-A67D619652BD}.Debug|Any CPU.ActiveCfg = Debug|Any CPU
		{001005B3-D16F-4399-9265-A67D619652BD}.Debug|Any CPU.Build.0 = Debug|Any CPU
		{001005B3-D16F-4399-9265-A67D619652BD}.Debug|Mixed Platforms.ActiveCfg = Debug|Any CPU
		{001005B3-D16F-4399-9265-A67D619652BD}.Debug|Mixed Platforms.Build.0 = Debug|Any CPU
		{001005B3-D16F-4399-9265-A67D619652BD}.Debug|x86.ActiveCfg = Debug|Any CPU
		{001005B3-D16F-4399-9265-A67D619652BD}.Release|Any CPU.ActiveCfg = Release|Any CPU
		{001005B3-D16F-4399-9265-A67D619652BD}.Release|Any CPU.Build.0 = Release|Any CPU
		{001005B3-D16F-4399-9265-A67D619652BD}.Release|Mixed Platforms.ActiveCfg = Release|Any CPU
		{001005B3-D16F-4399-9265-A67D619652BD}.Release|Mixed Platforms.Build.0 = Release|Any CPU
		{001005B3-D16F-4399-9265-A67D619652BD}.Release|x86.ActiveCfg = Release|Any CPU
		{5E888D49-467B-4F2B-B723-7D76C5D21841}.Debug|Any CPU.ActiveCfg = Debug|Any CPU
		{5E888D49-467B-4F2B-B723-7D76C5D21841}.Debug|Any CPU.Build.0 = Debug|Any CPU
		{5E888D49-467B-4F2B-B723-7D76C5D21841}.Debug|Mixed Platforms.ActiveCfg = Debug|Any CPU
		{5E888D49-467B-4F2B-B723-7D76C5D21841}.Debug|Mixed Platforms.Build.0 = Debug|Any CPU
		{5E888D49-467B-4F2B-B723-7D76C5D21841}.Debug|x86.ActiveCfg = Debug|Any CPU
		{5E888D49-467B-4F2B-B723-7D76C5D21841}.Release|Any CPU.ActiveCfg = Release|Any CPU
		{5E888D49-467B-4F2B-B723-7D76C5D21841}.Release|Any CPU.Build.0 = Release|Any CPU
		{5E888D49-467B-4F2B-B723-7D76C5D21841}.Release|Mixed Platforms.ActiveCfg = Release|Any CPU
		{5E888D49-467B-4F2B-B723-7D76C5D21841}.Release|Mixed Platforms.Build.0 = Release|Any CPU
		{5E888D49-467B-4F2B-B723-7D76C5D21841}.Release|x86.ActiveCfg = Release|Any CPU
		{81EF720B-EC6D-456F-9FA6-71DA7D4ED3BF}.Debug|Any CPU.ActiveCfg = Debug|Any CPU
		{81EF720B-EC6D-456F-9FA6-71DA7D4ED3BF}.Debug|Any CPU.Build.0 = Debug|Any CPU
		{81EF720B-EC6D-456F-9FA6-71DA7D4ED3BF}.Debug|Mixed Platforms.ActiveCfg = Debug|Any CPU
		{81EF720B-EC6D-456F-9FA6-71DA7D4ED3BF}.Debug|Mixed Platforms.Build.0 = Debug|Any CPU
		{81EF720B-EC6D-456F-9FA6-71DA7D4ED3BF}.Debug|x86.ActiveCfg = Debug|Any CPU
		{81EF720B-EC6D-456F-9FA6-71DA7D4ED3BF}.Release|Any CPU.ActiveCfg = Release|Any CPU
		{81EF720B-EC6D-456F-9FA6-71DA7D4ED3BF}.Release|Any CPU.Build.0 = Release|Any CPU
		{81EF720B-EC6D-456F-9FA6-71DA7D4ED3BF}.Release|Mixed Platforms.ActiveCfg = Release|Any CPU
		{81EF720B-EC6D-456F-9FA6-71DA7D4ED3BF}.Release|Mixed Platforms.Build.0 = Release|Any CPU
		{81EF720B-EC6D-456F-9FA6-71DA7D4ED3BF}.Release|x86.ActiveCfg = Release|Any CPU
	EndGlobalSection
	GlobalSection(SolutionProperties) = preSolution
		HideSolutionNode = FALSE
	EndGlobalSection
	GlobalSection(NestedProjects) = preSolution
		{383A6616-9885-44BF-B4D0-433DE1CF4501} = {35BED7DE-CA6F-41EA-91E3-25CA7295C7B9}
		{4427BB69-D9D9-47D3-B6BB-59578B1FCF24} = {35BED7DE-CA6F-41EA-91E3-25CA7295C7B9}
		{13FEFC36-1C4B-47FC-9086-8D922285D8C4} = {547020C0-976F-4542-81CE-7FD465595614}
		{399ACC13-6972-4484-A0BD-9F91296CC220} = {383A6616-9885-44BF-B4D0-433DE1CF4501}
		{9924B66F-57F3-43F5-89F4-A560A6470DA3} = {383A6616-9885-44BF-B4D0-433DE1CF4501}
		{895E3376-22A5-449D-AAEB-407DD28C4CE7} = {383A6616-9885-44BF-B4D0-433DE1CF4501}
		{F86D8125-0DAC-4E9F-81EE-E2EEF23F5D83} = {383A6616-9885-44BF-B4D0-433DE1CF4501}
		{2E7C4BB1-9680-40D3-832B-6C5369DB8569} = {383A6616-9885-44BF-B4D0-433DE1CF4501}
		{6983B107-265E-439F-9B82-162CFB9BFBA4} = {383A6616-9885-44BF-B4D0-433DE1CF4501}
		{71415CEC-8111-4C73-8751-512D22F10602} = {4427BB69-D9D9-47D3-B6BB-59578B1FCF24}
		{BA3F5DBC-EC16-4D5A-8298-8226E6C5ACCC} = {4427BB69-D9D9-47D3-B6BB-59578B1FCF24}
		{75C5A774-A3F3-43EB-97D3-DBE0CF2825D8} = {4427BB69-D9D9-47D3-B6BB-59578B1FCF24}
		{4CC98896-FE91-4F16-AE60-D6FF9E905836} = {4427BB69-D9D9-47D3-B6BB-59578B1FCF24}
		{04E6620B-5B41-45FE-981A-F40EB7686B0E} = {4427BB69-D9D9-47D3-B6BB-59578B1FCF24}
		{6E38B72F-31DA-4AEF-8F34-B8269572EC6B} = {4427BB69-D9D9-47D3-B6BB-59578B1FCF24}
		{EF361118-7D0D-453E-ADA4-2F24FBEE196C} = {13FEFC36-1C4B-47FC-9086-8D922285D8C4}
		{CA431AD7-2D95-402B-AC17-214994E81943} = {13FEFC36-1C4B-47FC-9086-8D922285D8C4}
		{3159FABC-0C89-41FF-A279-48665CC068DC} = {13FEFC36-1C4B-47FC-9086-8D922285D8C4}
		{B9A39248-3648-4C90-A936-8CD90FFAE7A6} = {13FEFC36-1C4B-47FC-9086-8D922285D8C4}
		{50F8CE3F-907C-48A6-A7EB-73CC631ADBE6} = {13FEFC36-1C4B-47FC-9086-8D922285D8C4}
		{E3C4C2F5-B8CF-4795-90F1-364A23DAEE43} = {13FEFC36-1C4B-47FC-9086-8D922285D8C4}
		{001005B3-D16F-4399-9265-A67D619652BD} = {13FEFC36-1C4B-47FC-9086-8D922285D8C4}
		{5E888D49-467B-4F2B-B723-7D76C5D21841} = {13FEFC36-1C4B-47FC-9086-8D922285D8C4}
		{81EF720B-EC6D-456F-9FA6-71DA7D4ED3BF} = {13FEFC36-1C4B-47FC-9086-8D922285D8C4}
	EndGlobalSection
EndGlobal
