
Microsoft Visual Studio Solution File, Format Version 12.00
# Visual Studio 2013
VisualStudioVersion = 12.0.30110.0
MinimumVisualStudioVersion = 10.0.40219.1
Project("{2150E333-8FDC-42A3-9474-1A3956D46DE8}") = "src", "src", "{35BED7DE-CA6F-41EA-91E3-25CA7295C7B9}"
EndProject
Project("{2150E333-8FDC-42A3-9474-1A3956D46DE8}") = "test", "test", "{547020C0-976F-4542-81CE-7FD465595614}"
EndProject
Project("{2150E333-8FDC-42A3-9474-1A3956D46DE8}") = "k10", "k10", "{383A6616-9885-44BF-B4D0-433DE1CF4501}"
EndProject
Project("{2150E333-8FDC-42A3-9474-1A3956D46DE8}") = "net45", "net45", "{4427BB69-D9D9-47D3-B6BB-59578B1FCF24}"
EndProject
Project("{FAE04EC0-301F-11D3-BF4B-00C04F79EFBC}") = "Microsoft.Data.Entity.k10", "src\Microsoft.Data.Entity\Microsoft.Data.Entity.k10.csproj", "{399ACC13-6972-4484-A0BD-9F91296CC220}"
EndProject
Project("{FAE04EC0-301F-11D3-BF4B-00C04F79EFBC}") = "Microsoft.Data.Entity.InMemory.k10", "src\Microsoft.Data.Entity.InMemory\Microsoft.Data.Entity.InMemory.k10.csproj", "{9924B66F-57F3-43F5-89F4-A560A6470DA3}"
EndProject
Project("{FAE04EC0-301F-11D3-BF4B-00C04F79EFBC}") = "Microsoft.Data.Entity.Relational.k10", "src\Microsoft.Data.Entity.Relational\Microsoft.Data.Entity.Relational.k10.csproj", "{895E3376-22A5-449D-AAEB-407DD28C4CE7}"
EndProject
Project("{FAE04EC0-301F-11D3-BF4B-00C04F79EFBC}") = "Microsoft.Data.Entity.SQLite.k10", "src\Microsoft.Data.Entity.SQLite\Microsoft.Data.Entity.SQLite.k10.csproj", "{F86D8125-0DAC-4E9F-81EE-E2EEF23F5D83}"
EndProject
Project("{FAE04EC0-301F-11D3-BF4B-00C04F79EFBC}") = "Microsoft.Data.Entity.SqlServer.k10", "src\Microsoft.Data.Entity.SqlServer\Microsoft.Data.Entity.SqlServer.k10.csproj", "{2E7C4BB1-9680-40D3-832B-6C5369DB8569}"
EndProject
Project("{FAE04EC0-301F-11D3-BF4B-00C04F79EFBC}") = "Microsoft.Data.Entity.net45", "src\Microsoft.Data.Entity\Microsoft.Data.Entity.net45.csproj", "{71415CEC-8111-4C73-8751-512D22F10602}"
EndProject
Project("{FAE04EC0-301F-11D3-BF4B-00C04F79EFBC}") = "Microsoft.Data.Entity.InMemory.net45", "src\Microsoft.Data.Entity.InMemory\Microsoft.Data.Entity.InMemory.net45.csproj", "{BA3F5DBC-EC16-4D5A-8298-8226E6C5ACCC}"
EndProject
Project("{FAE04EC0-301F-11D3-BF4B-00C04F79EFBC}") = "Microsoft.Data.Entity.Relational.net45", "src\Microsoft.Data.Entity.Relational\Microsoft.Data.Entity.Relational.net45.csproj", "{75C5A774-A3F3-43EB-97D3-DBE0CF2825D8}"
EndProject
Project("{FAE04EC0-301F-11D3-BF4B-00C04F79EFBC}") = "Microsoft.Data.Entity.SQLite.net451", "src\Microsoft.Data.Entity.SQLite\Microsoft.Data.Entity.SQLite.net451.csproj", "{4CC98896-FE91-4F16-AE60-D6FF9E905836}"
EndProject
Project("{FAE04EC0-301F-11D3-BF4B-00C04F79EFBC}") = "Microsoft.Data.Entity.SqlServer.net45", "src\Microsoft.Data.Entity.SqlServer\Microsoft.Data.Entity.SqlServer.net45.csproj", "{04E6620B-5B41-45FE-981A-F40EB7686B0E}"
EndProject
Project("{2150E333-8FDC-42A3-9474-1A3956D46DE8}") = "net45", "net45", "{13FEFC36-1C4B-47FC-9086-8D922285D8C4}"
EndProject
Project("{FAE04EC0-301F-11D3-BF4B-00C04F79EFBC}") = "Microsoft.Data.Entity.Tests.net45", "test\Microsoft.Data.Entity.Tests\Microsoft.Data.Entity.Tests.net45.csproj", "{EF361118-7D0D-453E-ADA4-2F24FBEE196C}"
EndProject
Project("{FAE04EC0-301F-11D3-BF4B-00C04F79EFBC}") = "Microsoft.Data.Entity.SqlServer.Tests.net45", "test\Microsoft.Data.Entity.SqlServer.Tests\Microsoft.Data.Entity.SqlServer.Tests.net45.csproj", "{3159FABC-0C89-41FF-A279-48665CC068DC}"
EndProject
Project("{FAE04EC0-301F-11D3-BF4B-00C04F79EFBC}") = "Microsoft.Data.Entity.Migrations.net45", "src\Microsoft.Data.Entity.Migrations\Microsoft.Data.Entity.Migrations.net45.csproj", "{6E38B72F-31DA-4AEF-8F34-B8269572EC6B}"
EndProject
Project("{FAE04EC0-301F-11D3-BF4B-00C04F79EFBC}") = "Microsoft.Data.Entity.Migrations.k10", "src\Microsoft.Data.Entity.Migrations\Microsoft.Data.Entity.Migrations.k10.csproj", "{6983B107-265E-439F-9B82-162CFB9BFBA4}"
EndProject
Project("{FAE04EC0-301F-11D3-BF4B-00C04F79EFBC}") = "Microsoft.Data.Entity.Migrations.Tests.net45", "test\Microsoft.Data.Entity.Migrations.Tests\Microsoft.Data.Entity.Migrations.Tests.net45.csproj", "{50F8CE3F-907C-48A6-A7EB-73CC631ADBE6}"
EndProject
Project("{FAE04EC0-301F-11D3-BF4B-00C04F79EFBC}") = "Microsoft.Data.Entity.Relational.Tests.net45", "test\Microsoft.Data.Entity.Relational.Tests\Microsoft.Data.Entity.Relational.Tests.net45.csproj", "{001005B3-D16F-4399-9265-A67D619652BD}"
EndProject
Project("{FAE04EC0-301F-11D3-BF4B-00C04F79EFBC}") = "Microsoft.Data.Entity.InMemory.Tests.net45", "test\Microsoft.Data.Entity.InMemory.Tests\Microsoft.Data.Entity.InMemory.Tests.net45.csproj", "{81EF720B-EC6D-456F-9FA6-71DA7D4ED3BF}"
EndProject
Project("{FAE04EC0-301F-11D3-BF4B-00C04F79EFBC}") = "Microsoft.Data.Entity.FunctionalTests.net45", "test\Microsoft.Data.Entity.FunctionalTests\Microsoft.Data.Entity.FunctionalTests.net45.csproj", "{6AB933C7-DE2A-45F2-BDC6-E71A01EF7756}"
EndProject
Project("{FAE04EC0-301F-11D3-BF4B-00C04F79EFBC}") = "Microsoft.Data.Entity.Migrations.FunctionalTests.net45", "test\Microsoft.Data.Entity.Migrations.FunctionalTests\Microsoft.Data.Entity.Migrations.FunctionalTests.net45.csproj", "{C416F750-9FE1-4B5B-8B9E-7CBA953ED9A8}"
EndProject
Project("{FAE04EC0-301F-11D3-BF4B-00C04F79EFBC}") = "Microsoft.Data.Entity.Relational.FunctionalTests.net45", "test\Microsoft.Data.Entity.Relational.FunctionalTests\Microsoft.Data.Entity.Relational.FunctionalTests.net45.csproj", "{2D43456E-2FF3-4049-BBC3-E57850085FC2}"
EndProject
Project("{FAE04EC0-301F-11D3-BF4B-00C04F79EFBC}") = "Microsoft.Data.Entity.SqlServer.FunctionalTests.net45", "test\Microsoft.Data.Entity.SqlServer.FunctionalTests\Microsoft.Data.Entity.SqlServer.FunctionalTests.net45.csproj", "{FA789ED6-2AAC-4BAA-A4FB-B600BE2DA956}"
EndProject
Project("{FAE04EC0-301F-11D3-BF4B-00C04F79EFBC}") = "Microsoft.Data.Entity.InMemory.FunctionalTests.net45", "test\Microsoft.Data.Entity.InMemory.FunctionalTests\Microsoft.Data.Entity.InMemory.FunctionalTests.net45.csproj", "{7E1A1A1B-6D0B-4C66-8026-326EFC0B4625}"
EndProject
Project("{FAE04EC0-301F-11D3-BF4B-00C04F79EFBC}") = "Microsoft.Data.Entity.SQLite.Tests.net451", "test\Microsoft.Data.Entity.SQLite.Tests\Microsoft.Data.Entity.SQLite.Tests.net451.csproj", "{1F060759-25F6-47FB-AEBB-3D88195F3DF7}"
EndProject
Global
	GlobalSection(SolutionConfigurationPlatforms) = preSolution
		Debug|Any CPU = Debug|Any CPU
		Release|Any CPU = Release|Any CPU
	EndGlobalSection
	GlobalSection(ProjectConfigurationPlatforms) = postSolution
		{399ACC13-6972-4484-A0BD-9F91296CC220}.Debug|Any CPU.ActiveCfg = Debug|Any CPU
		{399ACC13-6972-4484-A0BD-9F91296CC220}.Debug|Any CPU.Build.0 = Debug|Any CPU
		{399ACC13-6972-4484-A0BD-9F91296CC220}.Release|Any CPU.ActiveCfg = Release|Any CPU
		{399ACC13-6972-4484-A0BD-9F91296CC220}.Release|Any CPU.Build.0 = Release|Any CPU
		{9924B66F-57F3-43F5-89F4-A560A6470DA3}.Debug|Any CPU.ActiveCfg = Debug|Any CPU
		{9924B66F-57F3-43F5-89F4-A560A6470DA3}.Debug|Any CPU.Build.0 = Debug|Any CPU
		{9924B66F-57F3-43F5-89F4-A560A6470DA3}.Release|Any CPU.ActiveCfg = Release|Any CPU
		{9924B66F-57F3-43F5-89F4-A560A6470DA3}.Release|Any CPU.Build.0 = Release|Any CPU
		{895E3376-22A5-449D-AAEB-407DD28C4CE7}.Debug|Any CPU.ActiveCfg = Debug|Any CPU
		{895E3376-22A5-449D-AAEB-407DD28C4CE7}.Debug|Any CPU.Build.0 = Debug|Any CPU
		{895E3376-22A5-449D-AAEB-407DD28C4CE7}.Release|Any CPU.ActiveCfg = Release|Any CPU
		{895E3376-22A5-449D-AAEB-407DD28C4CE7}.Release|Any CPU.Build.0 = Release|Any CPU
		{F86D8125-0DAC-4E9F-81EE-E2EEF23F5D83}.Debug|Any CPU.ActiveCfg = Debug|Any CPU
		{F86D8125-0DAC-4E9F-81EE-E2EEF23F5D83}.Debug|Any CPU.Build.0 = Debug|Any CPU
		{F86D8125-0DAC-4E9F-81EE-E2EEF23F5D83}.Release|Any CPU.ActiveCfg = Release|Any CPU
		{F86D8125-0DAC-4E9F-81EE-E2EEF23F5D83}.Release|Any CPU.Build.0 = Release|Any CPU
		{2E7C4BB1-9680-40D3-832B-6C5369DB8569}.Debug|Any CPU.ActiveCfg = Debug|Any CPU
		{2E7C4BB1-9680-40D3-832B-6C5369DB8569}.Debug|Any CPU.Build.0 = Debug|Any CPU
		{2E7C4BB1-9680-40D3-832B-6C5369DB8569}.Release|Any CPU.ActiveCfg = Release|Any CPU
		{2E7C4BB1-9680-40D3-832B-6C5369DB8569}.Release|Any CPU.Build.0 = Release|Any CPU
		{71415CEC-8111-4C73-8751-512D22F10602}.Debug|Any CPU.ActiveCfg = Debug|Any CPU
		{71415CEC-8111-4C73-8751-512D22F10602}.Debug|Any CPU.Build.0 = Debug|Any CPU
		{71415CEC-8111-4C73-8751-512D22F10602}.Release|Any CPU.ActiveCfg = Release|Any CPU
		{71415CEC-8111-4C73-8751-512D22F10602}.Release|Any CPU.Build.0 = Release|Any CPU
		{BA3F5DBC-EC16-4D5A-8298-8226E6C5ACCC}.Debug|Any CPU.ActiveCfg = Debug|Any CPU
		{BA3F5DBC-EC16-4D5A-8298-8226E6C5ACCC}.Debug|Any CPU.Build.0 = Debug|Any CPU
		{BA3F5DBC-EC16-4D5A-8298-8226E6C5ACCC}.Release|Any CPU.ActiveCfg = Release|Any CPU
		{BA3F5DBC-EC16-4D5A-8298-8226E6C5ACCC}.Release|Any CPU.Build.0 = Release|Any CPU
		{75C5A774-A3F3-43EB-97D3-DBE0CF2825D8}.Debug|Any CPU.ActiveCfg = Debug|Any CPU
		{75C5A774-A3F3-43EB-97D3-DBE0CF2825D8}.Debug|Any CPU.Build.0 = Debug|Any CPU
		{75C5A774-A3F3-43EB-97D3-DBE0CF2825D8}.Release|Any CPU.ActiveCfg = Release|Any CPU
		{75C5A774-A3F3-43EB-97D3-DBE0CF2825D8}.Release|Any CPU.Build.0 = Release|Any CPU
		{4CC98896-FE91-4F16-AE60-D6FF9E905836}.Debug|Any CPU.ActiveCfg = Debug|Any CPU
		{4CC98896-FE91-4F16-AE60-D6FF9E905836}.Debug|Any CPU.Build.0 = Debug|Any CPU
		{4CC98896-FE91-4F16-AE60-D6FF9E905836}.Release|Any CPU.ActiveCfg = Release|Any CPU
		{4CC98896-FE91-4F16-AE60-D6FF9E905836}.Release|Any CPU.Build.0 = Release|Any CPU
		{04E6620B-5B41-45FE-981A-F40EB7686B0E}.Debug|Any CPU.ActiveCfg = Debug|Any CPU
		{04E6620B-5B41-45FE-981A-F40EB7686B0E}.Debug|Any CPU.Build.0 = Debug|Any CPU
		{04E6620B-5B41-45FE-981A-F40EB7686B0E}.Release|Any CPU.ActiveCfg = Release|Any CPU
		{04E6620B-5B41-45FE-981A-F40EB7686B0E}.Release|Any CPU.Build.0 = Release|Any CPU
		{EF361118-7D0D-453E-ADA4-2F24FBEE196C}.Debug|Any CPU.ActiveCfg = Debug|Any CPU
		{EF361118-7D0D-453E-ADA4-2F24FBEE196C}.Debug|Any CPU.Build.0 = Debug|Any CPU
		{EF361118-7D0D-453E-ADA4-2F24FBEE196C}.Release|Any CPU.ActiveCfg = Release|Any CPU
		{EF361118-7D0D-453E-ADA4-2F24FBEE196C}.Release|Any CPU.Build.0 = Release|Any CPU
		{3159FABC-0C89-41FF-A279-48665CC068DC}.Debug|Any CPU.ActiveCfg = Debug|Any CPU
		{3159FABC-0C89-41FF-A279-48665CC068DC}.Debug|Any CPU.Build.0 = Debug|Any CPU
		{3159FABC-0C89-41FF-A279-48665CC068DC}.Release|Any CPU.ActiveCfg = Release|Any CPU
		{3159FABC-0C89-41FF-A279-48665CC068DC}.Release|Any CPU.Build.0 = Release|Any CPU
		{6E38B72F-31DA-4AEF-8F34-B8269572EC6B}.Debug|Any CPU.ActiveCfg = Debug|Any CPU
		{6E38B72F-31DA-4AEF-8F34-B8269572EC6B}.Debug|Any CPU.Build.0 = Debug|Any CPU
		{6E38B72F-31DA-4AEF-8F34-B8269572EC6B}.Release|Any CPU.ActiveCfg = Release|Any CPU
		{6E38B72F-31DA-4AEF-8F34-B8269572EC6B}.Release|Any CPU.Build.0 = Release|Any CPU
		{6983B107-265E-439F-9B82-162CFB9BFBA4}.Debug|Any CPU.ActiveCfg = Debug|Any CPU
		{6983B107-265E-439F-9B82-162CFB9BFBA4}.Debug|Any CPU.Build.0 = Debug|Any CPU
		{6983B107-265E-439F-9B82-162CFB9BFBA4}.Release|Any CPU.ActiveCfg = Release|Any CPU
		{6983B107-265E-439F-9B82-162CFB9BFBA4}.Release|Any CPU.Build.0 = Release|Any CPU
		{50F8CE3F-907C-48A6-A7EB-73CC631ADBE6}.Debug|Any CPU.ActiveCfg = Debug|Any CPU
		{50F8CE3F-907C-48A6-A7EB-73CC631ADBE6}.Debug|Any CPU.Build.0 = Debug|Any CPU
		{50F8CE3F-907C-48A6-A7EB-73CC631ADBE6}.Release|Any CPU.ActiveCfg = Release|Any CPU
		{50F8CE3F-907C-48A6-A7EB-73CC631ADBE6}.Release|Any CPU.Build.0 = Release|Any CPU
		{001005B3-D16F-4399-9265-A67D619652BD}.Debug|Any CPU.ActiveCfg = Debug|Any CPU
		{001005B3-D16F-4399-9265-A67D619652BD}.Debug|Any CPU.Build.0 = Debug|Any CPU
		{001005B3-D16F-4399-9265-A67D619652BD}.Release|Any CPU.ActiveCfg = Release|Any CPU
		{001005B3-D16F-4399-9265-A67D619652BD}.Release|Any CPU.Build.0 = Release|Any CPU
		{81EF720B-EC6D-456F-9FA6-71DA7D4ED3BF}.Debug|Any CPU.ActiveCfg = Debug|Any CPU
		{81EF720B-EC6D-456F-9FA6-71DA7D4ED3BF}.Debug|Any CPU.Build.0 = Debug|Any CPU
		{81EF720B-EC6D-456F-9FA6-71DA7D4ED3BF}.Release|Any CPU.ActiveCfg = Release|Any CPU
		{81EF720B-EC6D-456F-9FA6-71DA7D4ED3BF}.Release|Any CPU.Build.0 = Release|Any CPU
		{6AB933C7-DE2A-45F2-BDC6-E71A01EF7756}.Debug|Any CPU.ActiveCfg = Debug|Any CPU
		{6AB933C7-DE2A-45F2-BDC6-E71A01EF7756}.Debug|Any CPU.Build.0 = Debug|Any CPU
		{6AB933C7-DE2A-45F2-BDC6-E71A01EF7756}.Release|Any CPU.ActiveCfg = Release|Any CPU
		{6AB933C7-DE2A-45F2-BDC6-E71A01EF7756}.Release|Any CPU.Build.0 = Release|Any CPU
		{C416F750-9FE1-4B5B-8B9E-7CBA953ED9A8}.Debug|Any CPU.ActiveCfg = Debug|Any CPU
		{C416F750-9FE1-4B5B-8B9E-7CBA953ED9A8}.Debug|Any CPU.Build.0 = Debug|Any CPU
		{C416F750-9FE1-4B5B-8B9E-7CBA953ED9A8}.Release|Any CPU.ActiveCfg = Release|Any CPU
		{C416F750-9FE1-4B5B-8B9E-7CBA953ED9A8}.Release|Any CPU.Build.0 = Release|Any CPU
		{2D43456E-2FF3-4049-BBC3-E57850085FC2}.Debug|Any CPU.ActiveCfg = Debug|Any CPU
		{2D43456E-2FF3-4049-BBC3-E57850085FC2}.Debug|Any CPU.Build.0 = Debug|Any CPU
		{2D43456E-2FF3-4049-BBC3-E57850085FC2}.Release|Any CPU.ActiveCfg = Release|Any CPU
		{2D43456E-2FF3-4049-BBC3-E57850085FC2}.Release|Any CPU.Build.0 = Release|Any CPU
		{FA789ED6-2AAC-4BAA-A4FB-B600BE2DA956}.Debug|Any CPU.ActiveCfg = Debug|Any CPU
		{FA789ED6-2AAC-4BAA-A4FB-B600BE2DA956}.Debug|Any CPU.Build.0 = Debug|Any CPU
		{FA789ED6-2AAC-4BAA-A4FB-B600BE2DA956}.Release|Any CPU.ActiveCfg = Release|Any CPU
		{FA789ED6-2AAC-4BAA-A4FB-B600BE2DA956}.Release|Any CPU.Build.0 = Release|Any CPU
		{7E1A1A1B-6D0B-4C66-8026-326EFC0B4625}.Debug|Any CPU.ActiveCfg = Debug|Any CPU
		{7E1A1A1B-6D0B-4C66-8026-326EFC0B4625}.Debug|Any CPU.Build.0 = Debug|Any CPU
		{7E1A1A1B-6D0B-4C66-8026-326EFC0B4625}.Release|Any CPU.ActiveCfg = Release|Any CPU
		{7E1A1A1B-6D0B-4C66-8026-326EFC0B4625}.Release|Any CPU.Build.0 = Release|Any CPU
		{1F060759-25F6-47FB-AEBB-3D88195F3DF7}.Debug|Any CPU.ActiveCfg = Debug|Any CPU
		{1F060759-25F6-47FB-AEBB-3D88195F3DF7}.Debug|Any CPU.Build.0 = Debug|Any CPU
		{1F060759-25F6-47FB-AEBB-3D88195F3DF7}.Release|Any CPU.ActiveCfg = Release|Any CPU
		{1F060759-25F6-47FB-AEBB-3D88195F3DF7}.Release|Any CPU.Build.0 = Release|Any CPU
	EndGlobalSection
	GlobalSection(SolutionProperties) = preSolution
		HideSolutionNode = FALSE
	EndGlobalSection
	GlobalSection(NestedProjects) = preSolution
		{383A6616-9885-44BF-B4D0-433DE1CF4501} = {35BED7DE-CA6F-41EA-91E3-25CA7295C7B9}
		{4427BB69-D9D9-47D3-B6BB-59578B1FCF24} = {35BED7DE-CA6F-41EA-91E3-25CA7295C7B9}
		{13FEFC36-1C4B-47FC-9086-8D922285D8C4} = {547020C0-976F-4542-81CE-7FD465595614}
		{399ACC13-6972-4484-A0BD-9F91296CC220} = {383A6616-9885-44BF-B4D0-433DE1CF4501}
		{9924B66F-57F3-43F5-89F4-A560A6470DA3} = {383A6616-9885-44BF-B4D0-433DE1CF4501}
		{895E3376-22A5-449D-AAEB-407DD28C4CE7} = {383A6616-9885-44BF-B4D0-433DE1CF4501}
		{F86D8125-0DAC-4E9F-81EE-E2EEF23F5D83} = {383A6616-9885-44BF-B4D0-433DE1CF4501}
		{2E7C4BB1-9680-40D3-832B-6C5369DB8569} = {383A6616-9885-44BF-B4D0-433DE1CF4501}
		{6983B107-265E-439F-9B82-162CFB9BFBA4} = {383A6616-9885-44BF-B4D0-433DE1CF4501}
		{71415CEC-8111-4C73-8751-512D22F10602} = {4427BB69-D9D9-47D3-B6BB-59578B1FCF24}
		{BA3F5DBC-EC16-4D5A-8298-8226E6C5ACCC} = {4427BB69-D9D9-47D3-B6BB-59578B1FCF24}
		{75C5A774-A3F3-43EB-97D3-DBE0CF2825D8} = {4427BB69-D9D9-47D3-B6BB-59578B1FCF24}
		{4CC98896-FE91-4F16-AE60-D6FF9E905836} = {4427BB69-D9D9-47D3-B6BB-59578B1FCF24}
		{04E6620B-5B41-45FE-981A-F40EB7686B0E} = {4427BB69-D9D9-47D3-B6BB-59578B1FCF24}
		{6E38B72F-31DA-4AEF-8F34-B8269572EC6B} = {4427BB69-D9D9-47D3-B6BB-59578B1FCF24}
		{EF361118-7D0D-453E-ADA4-2F24FBEE196C} = {13FEFC36-1C4B-47FC-9086-8D922285D8C4}
		{3159FABC-0C89-41FF-A279-48665CC068DC} = {13FEFC36-1C4B-47FC-9086-8D922285D8C4}
		{50F8CE3F-907C-48A6-A7EB-73CC631ADBE6} = {13FEFC36-1C4B-47FC-9086-8D922285D8C4}
		{001005B3-D16F-4399-9265-A67D619652BD} = {13FEFC36-1C4B-47FC-9086-8D922285D8C4}
		{81EF720B-EC6D-456F-9FA6-71DA7D4ED3BF} = {13FEFC36-1C4B-47FC-9086-8D922285D8C4}
		{6AB933C7-DE2A-45F2-BDC6-E71A01EF7756} = {13FEFC36-1C4B-47FC-9086-8D922285D8C4}
		{C416F750-9FE1-4B5B-8B9E-7CBA953ED9A8} = {13FEFC36-1C4B-47FC-9086-8D922285D8C4}
		{2D43456E-2FF3-4049-BBC3-E57850085FC2} = {13FEFC36-1C4B-47FC-9086-8D922285D8C4}
		{FA789ED6-2AAC-4BAA-A4FB-B600BE2DA956} = {13FEFC36-1C4B-47FC-9086-8D922285D8C4}
		{7E1A1A1B-6D0B-4C66-8026-326EFC0B4625} = {13FEFC36-1C4B-47FC-9086-8D922285D8C4}
		{1F060759-25F6-47FB-AEBB-3D88195F3DF7} = {13FEFC36-1C4B-47FC-9086-8D922285D8C4}
	EndGlobalSection
EndGlobal
