
Microsoft Visual Studio Solution File, Format Version 12.00
# Visual Studio 2013
VisualStudioVersion = 12.0.30324.0
MinimumVisualStudioVersion = 10.0.40219.1
Project("{2150E333-8FDC-42A3-9474-1A3956D46DE8}") = "src", "src", "{244C4BCA-F44A-4C01-9EE4-FE441BE36E8A}"
EndProject
Project("{2150E333-8FDC-42A3-9474-1A3956D46DE8}") = "test", "test", "{252A94CB-B58C-4ADA-AA72-756EF9A1A5CA}"
EndProject
Project("{8BB2217D-0F2D-49D1-97BC-3654ED321F3B}") = "Microsoft.Data.SQLite", "src\Microsoft.Data.SQLite\Microsoft.Data.SQLite.kproj", "{1509F626-E186-457E-843C-6843A3FBFCB9}"
EndProject
Project("{8BB2217D-0F2D-49D1-97BC-3654ED321F3B}") = "Microsoft.Data.SQLite.Tests", "test\Microsoft.Data.SQLite.Tests\Microsoft.Data.SQLite.Tests.kproj", "{53D0FB2A-B2EE-432F-9133-9EF68E278EC1}"
EndProject
Global
	GlobalSection(SolutionConfigurationPlatforms) = preSolution
		Debug|Any CPU = Debug|Any CPU
		Debug|Mixed Platforms = Debug|Mixed Platforms
		Debug|x86 = Debug|x86
		Release|Any CPU = Release|Any CPU
		Release|Mixed Platforms = Release|Mixed Platforms
		Release|x86 = Release|x86
	EndGlobalSection
	GlobalSection(ProjectConfigurationPlatforms) = postSolution
		{1509F626-E186-457E-843C-6843A3FBFCB9}.Debug|Any CPU.ActiveCfg = Debug|x86
		{1509F626-E186-457E-843C-6843A3FBFCB9}.Debug|Mixed Platforms.ActiveCfg = Debug|x86
		{1509F626-E186-457E-843C-6843A3FBFCB9}.Debug|Mixed Platforms.Build.0 = Debug|x86
		{1509F626-E186-457E-843C-6843A3FBFCB9}.Debug|x86.ActiveCfg = Debug|x86
		{1509F626-E186-457E-843C-6843A3FBFCB9}.Debug|x86.Build.0 = Debug|x86
		{1509F626-E186-457E-843C-6843A3FBFCB9}.Release|Any CPU.ActiveCfg = Release|x86
		{1509F626-E186-457E-843C-6843A3FBFCB9}.Release|Mixed Platforms.ActiveCfg = Release|x86
		{1509F626-E186-457E-843C-6843A3FBFCB9}.Release|Mixed Platforms.Build.0 = Release|x86
		{1509F626-E186-457E-843C-6843A3FBFCB9}.Release|x86.ActiveCfg = Release|x86
		{1509F626-E186-457E-843C-6843A3FBFCB9}.Release|x86.Build.0 = Release|x86
		{53D0FB2A-B2EE-432F-9133-9EF68E278EC1}.Debug|Any CPU.ActiveCfg = Debug|x86
		{53D0FB2A-B2EE-432F-9133-9EF68E278EC1}.Debug|Mixed Platforms.ActiveCfg = Debug|x86
		{53D0FB2A-B2EE-432F-9133-9EF68E278EC1}.Debug|Mixed Platforms.Build.0 = Debug|x86
		{53D0FB2A-B2EE-432F-9133-9EF68E278EC1}.Debug|x86.ActiveCfg = Debug|x86
		{53D0FB2A-B2EE-432F-9133-9EF68E278EC1}.Debug|x86.Build.0 = Debug|x86
		{53D0FB2A-B2EE-432F-9133-9EF68E278EC1}.Release|Any CPU.ActiveCfg = Release|x86
		{53D0FB2A-B2EE-432F-9133-9EF68E278EC1}.Release|Mixed Platforms.ActiveCfg = Release|x86
		{53D0FB2A-B2EE-432F-9133-9EF68E278EC1}.Release|Mixed Platforms.Build.0 = Release|x86
		{53D0FB2A-B2EE-432F-9133-9EF68E278EC1}.Release|x86.ActiveCfg = Release|x86
		{53D0FB2A-B2EE-432F-9133-9EF68E278EC1}.Release|x86.Build.0 = Release|x86
	EndGlobalSection
	GlobalSection(SolutionProperties) = preSolution
		HideSolutionNode = FALSE
	EndGlobalSection
	GlobalSection(NestedProjects) = preSolution
		{1509F626-E186-457E-843C-6843A3FBFCB9} = {244C4BCA-F44A-4C01-9EE4-FE441BE36E8A}
		{53D0FB2A-B2EE-432F-9133-9EF68E278EC1} = {252A94CB-B58C-4ADA-AA72-756EF9A1A5CA}
	EndGlobalSection
EndGlobal
