
Microsoft Visual Studio Solution File, Format Version 12.00
# Visual Studio 2013
VisualStudioVersion = 12.0.30110.0
MinimumVisualStudioVersion = 10.0.40219.1
Project("{2150E333-8FDC-42A3-9474-1A3956D46DE8}") = "src", "src", "{244C4BCA-F44A-4C01-9EE4-FE441BE36E8A}"
EndProject
Project("{2150E333-8FDC-42A3-9474-1A3956D46DE8}") = "k10", "k10", "{976BD808-5BC8-4F76-A3E3-8DB0A75EDBEF}"
EndProject
Project("{2150E333-8FDC-42A3-9474-1A3956D46DE8}") = "net45", "net45", "{A4338972-7BBF-4989-9EAC-4FE82903A22F}"
EndProject
Project("{2150E333-8FDC-42A3-9474-1A3956D46DE8}") = "test", "test", "{252A94CB-B58C-4ADA-AA72-756EF9A1A5CA}"
EndProject
Project("{2150E333-8FDC-42A3-9474-1A3956D46DE8}") = "net45", "net45", "{FBB83859-0D77-4F24-B1B7-DE8146073F3C}"
EndProject
Project("{FAE04EC0-301F-11D3-BF4B-00C04F79EFBC}") = "Microsoft.Data.SQLite.k10", "src\Microsoft.Data.SQLite\Microsoft.Data.SQLite.k10.csproj", "{A77ECBDC-0A39-41F1-BC67-3340A8E15899}"
EndProject
Project("{FAE04EC0-301F-11D3-BF4B-00C04F79EFBC}") = "Microsoft.Data.SQLite.net45", "src\Microsoft.Data.SQLite\Microsoft.Data.SQLite.net45.csproj", "{EB1BE0B1-ED95-44C2-A4CB-B5ABD8F9569B}"
EndProject
Project("{FAE04EC0-301F-11D3-BF4B-00C04F79EFBC}") = "Microsoft.Data.SQLite.UnitTest.net45", "test\Microsoft.Data.SQLite.UnitTest\Microsoft.Data.SQLite.UnitTest.net45.csproj", "{8D11D4DA-75D4-4C82-A0C8-B0167D86B3D2}"
EndProject
Global
	GlobalSection(SolutionConfigurationPlatforms) = preSolution
		Debug|Any CPU = Debug|Any CPU
		Release|Any CPU = Release|Any CPU
	EndGlobalSection
	GlobalSection(ProjectConfigurationPlatforms) = postSolution
		{A77ECBDC-0A39-41F1-BC67-3340A8E15899}.Debug|Any CPU.ActiveCfg = Debug|Any CPU
		{A77ECBDC-0A39-41F1-BC67-3340A8E15899}.Debug|Any CPU.Build.0 = Debug|Any CPU
		{A77ECBDC-0A39-41F1-BC67-3340A8E15899}.Release|Any CPU.ActiveCfg = Release|Any CPU
		{A77ECBDC-0A39-41F1-BC67-3340A8E15899}.Release|Any CPU.Build.0 = Release|Any CPU
		{EB1BE0B1-ED95-44C2-A4CB-B5ABD8F9569B}.Debug|Any CPU.ActiveCfg = Debug|Any CPU
		{EB1BE0B1-ED95-44C2-A4CB-B5ABD8F9569B}.Debug|Any CPU.Build.0 = Debug|Any CPU
		{EB1BE0B1-ED95-44C2-A4CB-B5ABD8F9569B}.Release|Any CPU.ActiveCfg = Release|Any CPU
		{EB1BE0B1-ED95-44C2-A4CB-B5ABD8F9569B}.Release|Any CPU.Build.0 = Release|Any CPU
		{8D11D4DA-75D4-4C82-A0C8-B0167D86B3D2}.Debug|Any CPU.ActiveCfg = Debug|Any CPU
		{8D11D4DA-75D4-4C82-A0C8-B0167D86B3D2}.Debug|Any CPU.Build.0 = Debug|Any CPU
		{8D11D4DA-75D4-4C82-A0C8-B0167D86B3D2}.Release|Any CPU.ActiveCfg = Release|Any CPU
		{8D11D4DA-75D4-4C82-A0C8-B0167D86B3D2}.Release|Any CPU.Build.0 = Release|Any CPU
	EndGlobalSection
	GlobalSection(SolutionProperties) = preSolution
		HideSolutionNode = FALSE
	EndGlobalSection
	GlobalSection(NestedProjects) = preSolution
		{976BD808-5BC8-4F76-A3E3-8DB0A75EDBEF} = {244C4BCA-F44A-4C01-9EE4-FE441BE36E8A}
		{A4338972-7BBF-4989-9EAC-4FE82903A22F} = {244C4BCA-F44A-4C01-9EE4-FE441BE36E8A}
		{A77ECBDC-0A39-41F1-BC67-3340A8E15899} = {976BD808-5BC8-4F76-A3E3-8DB0A75EDBEF}
		{EB1BE0B1-ED95-44C2-A4CB-B5ABD8F9569B} = {A4338972-7BBF-4989-9EAC-4FE82903A22F}
		{FBB83859-0D77-4F24-B1B7-DE8146073F3C} = {252A94CB-B58C-4ADA-AA72-756EF9A1A5CA}
		{8D11D4DA-75D4-4C82-A0C8-B0167D86B3D2} = {FBB83859-0D77-4F24-B1B7-DE8146073F3C}
	EndGlobalSection
EndGlobal
