
Microsoft Visual Studio Solution File, Format Version 12.00
# Visual Studio 15
VisualStudioVersion = 15.0.26815.3
MinimumVisualStudioVersion = 15.0.26730.03
Project("{2150E333-8FDC-42A3-9474-1A3956D46DE8}") = "src", "src", "{9396F8F4-299D-427C-B829-EF9A931DAA3C}"
EndProject
Project("{9A19103F-16F7-4668-BE54-9A1E7A4F7556}") = "Microsoft.Data.Sqlite.Core", "src\Microsoft.Data.Sqlite.Core\Microsoft.Data.Sqlite.Core.csproj", "{2D5D31C9-4BE6-432E-B3C3-351A7A65353D}"
EndProject
Project("{2150E333-8FDC-42A3-9474-1A3956D46DE8}") = "test", "test", "{ECB63F46-D037-4EEA-A4CD-BF18B5B9D2C4}"
EndProject
Project("{9A19103F-16F7-4668-BE54-9A1E7A4F7556}") = "Microsoft.Data.Sqlite.Tests", "test\Microsoft.Data.Sqlite.Tests\Microsoft.Data.Sqlite.Tests.csproj", "{69D2DA13-6774-43A9-A2E3-709594136FF8}"
EndProject
Project("{9A19103F-16F7-4668-BE54-9A1E7A4F7556}") = "Microsoft.Data.Sqlite", "src\Microsoft.Data.Sqlite\Microsoft.Data.Sqlite.csproj", "{298DB9C7-8C81-40A7-B042-20D62C914820}"
EndProject
Project("{2150E333-8FDC-42A3-9474-1A3956D46DE8}") = "Solution Items", "Solution Items", "{964B9063-40FE-4DB2-A80D-3073CAC4E7BA}"
	ProjectSection(SolutionItems) = preProject
		.appveyor.yml = .appveyor.yml
		.gitattributes = .gitattributes
		.gitignore = .gitignore
		.travis.yml = .travis.yml
		build.cmd = build.cmd
		build.ps1 = build.ps1
		build.sh = build.sh
		CONTRIBUTING.md = CONTRIBUTING.md
		Directory.Build.props = Directory.Build.props
		Directory.Build.targets = Directory.Build.targets
		LICENSE.txt = LICENSE.txt
		NuGet.config = NuGet.config
		NuGetPackageVerifier.json = NuGetPackageVerifier.json
		README.md = README.md
		version.xml = version.xml
	EndProjectSection
EndProject
Global
	GlobalSection(SolutionConfigurationPlatforms) = preSolution
		Debug|Any CPU = Debug|Any CPU
		Release|Any CPU = Release|Any CPU
	EndGlobalSection
	GlobalSection(ProjectConfigurationPlatforms) = postSolution
		{2D5D31C9-4BE6-432E-B3C3-351A7A65353D}.Debug|Any CPU.ActiveCfg = Debug|Any CPU
		{2D5D31C9-4BE6-432E-B3C3-351A7A65353D}.Debug|Any CPU.Build.0 = Debug|Any CPU
		{2D5D31C9-4BE6-432E-B3C3-351A7A65353D}.Release|Any CPU.ActiveCfg = Release|Any CPU
		{2D5D31C9-4BE6-432E-B3C3-351A7A65353D}.Release|Any CPU.Build.0 = Release|Any CPU
		{69D2DA13-6774-43A9-A2E3-709594136FF8}.Debug|Any CPU.ActiveCfg = Debug|Any CPU
		{69D2DA13-6774-43A9-A2E3-709594136FF8}.Debug|Any CPU.Build.0 = Debug|Any CPU
		{69D2DA13-6774-43A9-A2E3-709594136FF8}.Release|Any CPU.ActiveCfg = Release|Any CPU
		{69D2DA13-6774-43A9-A2E3-709594136FF8}.Release|Any CPU.Build.0 = Release|Any CPU
		{298DB9C7-8C81-40A7-B042-20D62C914820}.Debug|Any CPU.ActiveCfg = Debug|Any CPU
		{298DB9C7-8C81-40A7-B042-20D62C914820}.Debug|Any CPU.Build.0 = Debug|Any CPU
		{298DB9C7-8C81-40A7-B042-20D62C914820}.Release|Any CPU.ActiveCfg = Release|Any CPU
		{298DB9C7-8C81-40A7-B042-20D62C914820}.Release|Any CPU.Build.0 = Release|Any CPU
	EndGlobalSection
	GlobalSection(SolutionProperties) = preSolution
		HideSolutionNode = FALSE
	EndGlobalSection
	GlobalSection(NestedProjects) = preSolution
		{2D5D31C9-4BE6-432E-B3C3-351A7A65353D} = {9396F8F4-299D-427C-B829-EF9A931DAA3C}
		{69D2DA13-6774-43A9-A2E3-709594136FF8} = {ECB63F46-D037-4EEA-A4CD-BF18B5B9D2C4}
		{298DB9C7-8C81-40A7-B042-20D62C914820} = {9396F8F4-299D-427C-B829-EF9A931DAA3C}
	EndGlobalSection
	GlobalSection(ExtensibilityGlobals) = postSolution
		SolutionGuid = {DF78D8CC-5604-4059-9EFB-291E2629523E}
	EndGlobalSection
EndGlobal
