
Microsoft Visual Studio Solution File, Format Version 12.00
# Visual Studio 15
VisualStudioVersion = 15.0.27130.2027
MinimumVisualStudioVersion = 15.0.26730.03
Project("{2150E333-8FDC-42A3-9474-1A3956D46DE8}") = "Framework", "Framework", "{57595541-E77D-477C-B48B-C69E061C11F9}"
EndProject
Project("{9A19103F-16F7-4668-BE54-9A1E7A4F7556}") = "EFCore", "..\..\src\EFCore\EFCore.csproj", "{715C38E9-B2F5-4DB2-8025-0C6492DEBDD4}"
EndProject
Project("{9A19103F-16F7-4668-BE54-9A1E7A4F7556}") = "EFCore.Relational", "..\..\src\EFCore.Relational\EFCore.Relational.csproj", "{6A25DF99-2615-46D8-9532-821764647EE1}"
EndProject
Project("{9A19103F-16F7-4668-BE54-9A1E7A4F7556}") = "EFCore.Relational.Specification.Tests", "..\..\src\EFCore.Relational.Specification.Tests\EFCore.Relational.Specification.Tests.csproj", "{07FA2B15-A6A5-4292-A096-7771FB32EEDA}"
EndProject
Project("{9A19103F-16F7-4668-BE54-9A1E7A4F7556}") = "EFCore.Specification.Tests", "..\..\src\EFCore.Specification.Tests\EFCore.Specification.Tests.csproj", "{1A73D95E-E8B5-4F96-908C-7B040E4F7AFE}"
EndProject
Project("{9A19103F-16F7-4668-BE54-9A1E7A4F7556}") = "OracleProvider", "src\OracleProvider\OracleProvider.csproj", "{9511216F-EC10-480D-AA8D-F72312C96962}"
EndProject
Project("{9A19103F-16F7-4668-BE54-9A1E7A4F7556}") = "OracleProvider.FunctionalTests", "test\OracleProvider.FunctionalTests\OracleProvider.FunctionalTests.csproj", "{2F3A8AA1-7E95-42DC-8A5D-FB71EEDB6105}"
EndProject
Project("{9A19103F-16F7-4668-BE54-9A1E7A4F7556}") = "EFCore.Abstractions", "..\..\src\EFCore.Abstractions\EFCore.Abstractions.csproj", "{11B51A41-47CB-4EDB-9D8A-17095A65034A}"
EndProject
Project("{9A19103F-16F7-4668-BE54-9A1E7A4F7556}") = "EFCore.Proxies", "..\..\src\EFCore.Proxies\EFCore.Proxies.csproj", "{467616E6-30EA-4861-B96B-9ABD46BE41EA}"
EndProject
Project("{9A19103F-16F7-4668-BE54-9A1E7A4F7556}") = "EFCore.Analyzers", "..\..\src\EFCore.Analyzers\EFCore.Analyzers.csproj", "{EED298D7-4B56-4491-B9A0-B99440D1F8FB}"
EndProject
Global
	GlobalSection(SolutionConfigurationPlatforms) = preSolution
		Debug|Any CPU = Debug|Any CPU
		Release|Any CPU = Release|Any CPU
	EndGlobalSection
	GlobalSection(ProjectConfigurationPlatforms) = postSolution
		{715C38E9-B2F5-4DB2-8025-0C6492DEBDD4}.Debug|Any CPU.ActiveCfg = Debug|Any CPU
		{715C38E9-B2F5-4DB2-8025-0C6492DEBDD4}.Debug|Any CPU.Build.0 = Debug|Any CPU
		{715C38E9-B2F5-4DB2-8025-0C6492DEBDD4}.Release|Any CPU.ActiveCfg = Release|Any CPU
		{715C38E9-B2F5-4DB2-8025-0C6492DEBDD4}.Release|Any CPU.Build.0 = Release|Any CPU
		{6A25DF99-2615-46D8-9532-821764647EE1}.Debug|Any CPU.ActiveCfg = Debug|Any CPU
		{6A25DF99-2615-46D8-9532-821764647EE1}.Debug|Any CPU.Build.0 = Debug|Any CPU
		{6A25DF99-2615-46D8-9532-821764647EE1}.Release|Any CPU.ActiveCfg = Release|Any CPU
		{6A25DF99-2615-46D8-9532-821764647EE1}.Release|Any CPU.Build.0 = Release|Any CPU
		{07FA2B15-A6A5-4292-A096-7771FB32EEDA}.Debug|Any CPU.ActiveCfg = Debug|Any CPU
		{07FA2B15-A6A5-4292-A096-7771FB32EEDA}.Debug|Any CPU.Build.0 = Debug|Any CPU
		{07FA2B15-A6A5-4292-A096-7771FB32EEDA}.Release|Any CPU.ActiveCfg = Release|Any CPU
		{07FA2B15-A6A5-4292-A096-7771FB32EEDA}.Release|Any CPU.Build.0 = Release|Any CPU
		{1A73D95E-E8B5-4F96-908C-7B040E4F7AFE}.Debug|Any CPU.ActiveCfg = Debug|Any CPU
		{1A73D95E-E8B5-4F96-908C-7B040E4F7AFE}.Debug|Any CPU.Build.0 = Debug|Any CPU
		{1A73D95E-E8B5-4F96-908C-7B040E4F7AFE}.Release|Any CPU.ActiveCfg = Release|Any CPU
		{1A73D95E-E8B5-4F96-908C-7B040E4F7AFE}.Release|Any CPU.Build.0 = Release|Any CPU
		{9511216F-EC10-480D-AA8D-F72312C96962}.Debug|Any CPU.ActiveCfg = Debug|Any CPU
		{9511216F-EC10-480D-AA8D-F72312C96962}.Debug|Any CPU.Build.0 = Debug|Any CPU
		{9511216F-EC10-480D-AA8D-F72312C96962}.Release|Any CPU.ActiveCfg = Release|Any CPU
		{9511216F-EC10-480D-AA8D-F72312C96962}.Release|Any CPU.Build.0 = Release|Any CPU
		{2F3A8AA1-7E95-42DC-8A5D-FB71EEDB6105}.Debug|Any CPU.ActiveCfg = Debug|Any CPU
		{2F3A8AA1-7E95-42DC-8A5D-FB71EEDB6105}.Debug|Any CPU.Build.0 = Debug|Any CPU
		{2F3A8AA1-7E95-42DC-8A5D-FB71EEDB6105}.Release|Any CPU.ActiveCfg = Release|Any CPU
		{2F3A8AA1-7E95-42DC-8A5D-FB71EEDB6105}.Release|Any CPU.Build.0 = Release|Any CPU
		{11B51A41-47CB-4EDB-9D8A-17095A65034A}.Debug|Any CPU.ActiveCfg = Debug|Any CPU
		{11B51A41-47CB-4EDB-9D8A-17095A65034A}.Debug|Any CPU.Build.0 = Debug|Any CPU
		{11B51A41-47CB-4EDB-9D8A-17095A65034A}.Release|Any CPU.ActiveCfg = Release|Any CPU
		{11B51A41-47CB-4EDB-9D8A-17095A65034A}.Release|Any CPU.Build.0 = Release|Any CPU
		{467616E6-30EA-4861-B96B-9ABD46BE41EA}.Debug|Any CPU.ActiveCfg = Debug|Any CPU
		{467616E6-30EA-4861-B96B-9ABD46BE41EA}.Debug|Any CPU.Build.0 = Debug|Any CPU
		{467616E6-30EA-4861-B96B-9ABD46BE41EA}.Release|Any CPU.ActiveCfg = Release|Any CPU
		{467616E6-30EA-4861-B96B-9ABD46BE41EA}.Release|Any CPU.Build.0 = Release|Any CPU
		{EED298D7-4B56-4491-B9A0-B99440D1F8FB}.Debug|Any CPU.ActiveCfg = Debug|Any CPU
		{EED298D7-4B56-4491-B9A0-B99440D1F8FB}.Debug|Any CPU.Build.0 = Debug|Any CPU
		{EED298D7-4B56-4491-B9A0-B99440D1F8FB}.Release|Any CPU.ActiveCfg = Release|Any CPU
		{EED298D7-4B56-4491-B9A0-B99440D1F8FB}.Release|Any CPU.Build.0 = Release|Any CPU
	EndGlobalSection
	GlobalSection(SolutionProperties) = preSolution
		HideSolutionNode = FALSE
	EndGlobalSection
	GlobalSection(NestedProjects) = preSolution
		{715C38E9-B2F5-4DB2-8025-0C6492DEBDD4} = {57595541-E77D-477C-B48B-C69E061C11F9}
		{6A25DF99-2615-46D8-9532-821764647EE1} = {57595541-E77D-477C-B48B-C69E061C11F9}
		{07FA2B15-A6A5-4292-A096-7771FB32EEDA} = {57595541-E77D-477C-B48B-C69E061C11F9}
		{1A73D95E-E8B5-4F96-908C-7B040E4F7AFE} = {57595541-E77D-477C-B48B-C69E061C11F9}
		{11B51A41-47CB-4EDB-9D8A-17095A65034A} = {57595541-E77D-477C-B48B-C69E061C11F9}
		{467616E6-30EA-4861-B96B-9ABD46BE41EA} = {57595541-E77D-477C-B48B-C69E061C11F9}
		{EED298D7-4B56-4491-B9A0-B99440D1F8FB} = {57595541-E77D-477C-B48B-C69E061C11F9}
	EndGlobalSection
	GlobalSection(ExtensibilityGlobals) = postSolution
		SolutionGuid = {321B8079-2AC6-45FF-8D19-B2550F017448}
	EndGlobalSection
EndGlobal
