
Microsoft Visual Studio Solution File, Format Version 12.00
# Visual Studio 15
VisualStudioVersion = 15.0.27130.2027
MinimumVisualStudioVersion = 10.0.40219.1
Project("{9A19103F-16F7-4668-BE54-9A1E7A4F7556}") = "QueryFilters", "QueryFilters\QueryFilters.csproj", "{F96E15B3-C203-4DDC-BA7B-D33EB60B85CC}"
EndProject
Project("{9A19103F-16F7-4668-BE54-9A1E7A4F7556}") = "CompiledQueries", "CompiledQueries\CompiledQueries.csproj", "{B5A76E8B-79B5-4B10-B9B8-F2A6883FE821}"
EndProject
Project("{9A19103F-16F7-4668-BE54-9A1E7A4F7556}") = "DbContextPooling", "DbContextPooling\DbContextPooling.csproj", "{EFA3A7DD-F76C-4DA9-A657-D08E78E7E397}"
EndProject
Project("{9A19103F-16F7-4668-BE54-9A1E7A4F7556}") = "QueryTypes", "QueryTypes\QueryTypes.csproj", "{BB293879-4741-4D7A-87E8-3B9727B43A19}"
EndProject
Global
	GlobalSection(SolutionConfigurationPlatforms) = preSolution
		Debug|Any CPU = Debug|Any CPU
		Release|Any CPU = Release|Any CPU
	EndGlobalSection
	GlobalSection(ProjectConfigurationPlatforms) = postSolution
		{F96E15B3-C203-4DDC-BA7B-D33EB60B85CC}.Debug|Any CPU.ActiveCfg = Debug|Any CPU
		{F96E15B3-C203-4DDC-BA7B-D33EB60B85CC}.Debug|Any CPU.Build.0 = Debug|Any CPU
		{F96E15B3-C203-4DDC-BA7B-D33EB60B85CC}.Release|Any CPU.ActiveCfg = Release|Any CPU
		{F96E15B3-C203-4DDC-BA7B-D33EB60B85CC}.Release|Any CPU.Build.0 = Release|Any CPU
		{B5A76E8B-79B5-4B10-B9B8-F2A6883FE821}.Debug|Any CPU.ActiveCfg = Debug|Any CPU
		{B5A76E8B-79B5-4B10-B9B8-F2A6883FE821}.Debug|Any CPU.Build.0 = Debug|Any CPU
		{B5A76E8B-79B5-4B10-B9B8-F2A6883FE821}.Release|Any CPU.ActiveCfg = Release|Any CPU
		{B5A76E8B-79B5-4B10-B9B8-F2A6883FE821}.Release|Any CPU.Build.0 = Release|Any CPU
		{EFA3A7DD-F76C-4DA9-A657-D08E78E7E397}.Debug|Any CPU.ActiveCfg = Debug|Any CPU
		{EFA3A7DD-F76C-4DA9-A657-D08E78E7E397}.Debug|Any CPU.Build.0 = Debug|Any CPU
		{EFA3A7DD-F76C-4DA9-A657-D08E78E7E397}.Release|Any CPU.ActiveCfg = Release|Any CPU
		{EFA3A7DD-F76C-4DA9-A657-D08E78E7E397}.Release|Any CPU.Build.0 = Release|Any CPU
		{BB293879-4741-4D7A-87E8-3B9727B43A19}.Debug|Any CPU.ActiveCfg = Debug|Any CPU
		{BB293879-4741-4D7A-87E8-3B9727B43A19}.Debug|Any CPU.Build.0 = Debug|Any CPU
		{BB293879-4741-4D7A-87E8-3B9727B43A19}.Release|Any CPU.ActiveCfg = Release|Any CPU
		{BB293879-4741-4D7A-87E8-3B9727B43A19}.Release|Any CPU.Build.0 = Release|Any CPU
	EndGlobalSection
	GlobalSection(SolutionProperties) = preSolution
		HideSolutionNode = FALSE
	EndGlobalSection
	GlobalSection(ExtensibilityGlobals) = postSolution
		SolutionGuid = {110529CE-84EF-4AD5-A999-6300418D5F3C}
	EndGlobalSection
EndGlobal
