
Microsoft Visual Studio Solution File, Format Version 12.00
# Visual Studio 15
VisualStudioVersion = 15.0.27130.2027
MinimumVisualStudioVersion = 15.0.26730.03
Project("{2150E333-8FDC-42A3-9474-1A3956D46DE8}") = "Solution Items", "Solution Items", "{7B1C8E5E-45BE-4224-AFCF-FFAA4F280423}"
	ProjectSection(SolutionItems) = preProject
		..\.editorconfig = ..\.editorconfig
	EndProjectSection
EndProject
Project("{2150E333-8FDC-42A3-9474-1A3956D46DE8}") = "src", "src", "{EC34FF67-C5B1-47C5-ADD7-D30E5DABD242}"
EndProject
Project("{2150E333-8FDC-42A3-9474-1A3956D46DE8}") = "test", "test", "{51D56015-664F-4ADD-8845-5F27F82124DA}"
EndProject
Project("{9A19103F-16F7-4668-BE54-9A1E7A4F7556}") = "EFCore.Benchmarks", "src\EFCore.Benchmarks\EFCore.Benchmarks.csproj", "{24050F6A-0998-43D6-860B-2EC025D606C4}"
EndProject
Project("{9A19103F-16F7-4668-BE54-9A1E7A4F7556}") = "EFCore.Benchmarks.Dev", "src\EFCore.Benchmarks.Dev\EFCore.Benchmarks.Dev.csproj", "{D0FB3432-7825-46DC-96DA-A348AD58FCE5}"
EndProject
Project("{9A19103F-16F7-4668-BE54-9A1E7A4F7556}") = "EFCore.Benchmarks.SqlServer.Dev", "test\EFCore.Benchmarks.SqlServer.Dev\EFCore.Benchmarks.SqlServer.Dev.csproj", "{D314175F-6057-4EFD-BE1E-06B9C702D115}"
EndProject
Project("{9A19103F-16F7-4668-BE54-9A1E7A4F7556}") = "EFCore.Benchmarks.V2", "src\EFCore.Benchmarks.V2\EFCore.Benchmarks.V2.csproj", "{4610317A-2804-4D52-BB9A-22AFCE951D9E}"
EndProject
Project("{9A19103F-16F7-4668-BE54-9A1E7A4F7556}") = "EFCore.Benchmarks.SqlServer.V2", "test\EFCore.Benchmarks.SqlServer.V2\EFCore.Benchmarks.SqlServer.V2.csproj", "{629DAC6E-50D4-48C5-A991-105249FCE9A1}"
EndProject
Project("{9A19103F-16F7-4668-BE54-9A1E7A4F7556}") = "EFCore.Benchmarks.EF6", "test\EFCore.Benchmarks.EF6\EFCore.Benchmarks.EF6.csproj", "{F13E7369-B78E-4132-B5E6-9FB9DBA50638}"
EndProject
Project("{9A19103F-16F7-4668-BE54-9A1E7A4F7556}") = "EFCore.Benchmarks.Sqlite.Dev", "test\EFCore.Benchmarks.Sqlite.Dev\EFCore.Benchmarks.Sqlite.Dev.csproj", "{60DB667E-DD27-4B2D-887E-B7D07C556F60}"
EndProject
Project("{9A19103F-16F7-4668-BE54-9A1E7A4F7556}") = "EFCore.Benchmarks.Sqlite.V2", "test\EFCore.Benchmarks.Sqlite.V2\EFCore.Benchmarks.Sqlite.V2.csproj", "{81C9E4BB-039D-4A18-90AD-B413104D2BE9}"
EndProject
Project("{9A19103F-16F7-4668-BE54-9A1E7A4F7556}") = "EFCore.Abstractions", "..\src\EFCore.Abstractions\EFCore.Abstractions.csproj", "{37E3A401-59DC-45E8-BD24-CE9502D8C890}"
EndProject
Project("{9A19103F-16F7-4668-BE54-9A1E7A4F7556}") = "EFCore.Analyzers", "..\src\EFCore.Analyzers\EFCore.Analyzers.csproj", "{7C563A0E-449C-4614-AA76-0CF0DF832AAF}"
EndProject
Project("{9A19103F-16F7-4668-BE54-9A1E7A4F7556}") = "EFCore.Relational", "..\src\EFCore.Relational\EFCore.Relational.csproj", "{2EBC5B00-F292-4AD4-852D-E161A0832462}"
EndProject
Project("{9A19103F-16F7-4668-BE54-9A1E7A4F7556}") = "EFCore.SqlServer", "..\src\EFCore.SqlServer\EFCore.SqlServer.csproj", "{0846FEA1-6745-40DB-80D3-E7A37881E899}"
EndProject
Project("{9A19103F-16F7-4668-BE54-9A1E7A4F7556}") = "EFCore.Sqlite.Core", "..\src\EFCore.Sqlite.Core\EFCore.Sqlite.Core.csproj", "{FFD9CF66-3327-44D8-9329-3F2EC5531981}"
EndProject
Project("{9A19103F-16F7-4668-BE54-9A1E7A4F7556}") = "EFCore", "..\src\EFCore\EFCore.csproj", "{63317AC7-666F-4378-A948-972A3F51F427}"
EndProject
Global
	GlobalSection(SolutionConfigurationPlatforms) = preSolution
		Debug|Any CPU = Debug|Any CPU
		Release|Any CPU = Release|Any CPU
	EndGlobalSection
	GlobalSection(ProjectConfigurationPlatforms) = postSolution
		{24050F6A-0998-43D6-860B-2EC025D606C4}.Debug|Any CPU.ActiveCfg = Debug|Any CPU
		{24050F6A-0998-43D6-860B-2EC025D606C4}.Debug|Any CPU.Build.0 = Debug|Any CPU
		{24050F6A-0998-43D6-860B-2EC025D606C4}.Release|Any CPU.ActiveCfg = Release|Any CPU
		{24050F6A-0998-43D6-860B-2EC025D606C4}.Release|Any CPU.Build.0 = Release|Any CPU
		{D0FB3432-7825-46DC-96DA-A348AD58FCE5}.Debug|Any CPU.ActiveCfg = Debug|Any CPU
		{D0FB3432-7825-46DC-96DA-A348AD58FCE5}.Debug|Any CPU.Build.0 = Debug|Any CPU
		{D0FB3432-7825-46DC-96DA-A348AD58FCE5}.Release|Any CPU.ActiveCfg = Release|Any CPU
		{D0FB3432-7825-46DC-96DA-A348AD58FCE5}.Release|Any CPU.Build.0 = Release|Any CPU
		{D314175F-6057-4EFD-BE1E-06B9C702D115}.Debug|Any CPU.ActiveCfg = Debug|Any CPU
		{D314175F-6057-4EFD-BE1E-06B9C702D115}.Debug|Any CPU.Build.0 = Debug|Any CPU
		{D314175F-6057-4EFD-BE1E-06B9C702D115}.Release|Any CPU.ActiveCfg = Release|Any CPU
		{D314175F-6057-4EFD-BE1E-06B9C702D115}.Release|Any CPU.Build.0 = Release|Any CPU
		{4610317A-2804-4D52-BB9A-22AFCE951D9E}.Debug|Any CPU.ActiveCfg = Debug|Any CPU
		{4610317A-2804-4D52-BB9A-22AFCE951D9E}.Debug|Any CPU.Build.0 = Debug|Any CPU
		{4610317A-2804-4D52-BB9A-22AFCE951D9E}.Release|Any CPU.ActiveCfg = Release|Any CPU
		{4610317A-2804-4D52-BB9A-22AFCE951D9E}.Release|Any CPU.Build.0 = Release|Any CPU
		{629DAC6E-50D4-48C5-A991-105249FCE9A1}.Debug|Any CPU.ActiveCfg = Debug|Any CPU
		{629DAC6E-50D4-48C5-A991-105249FCE9A1}.Debug|Any CPU.Build.0 = Debug|Any CPU
		{629DAC6E-50D4-48C5-A991-105249FCE9A1}.Release|Any CPU.ActiveCfg = Release|Any CPU
		{629DAC6E-50D4-48C5-A991-105249FCE9A1}.Release|Any CPU.Build.0 = Release|Any CPU
		{F13E7369-B78E-4132-B5E6-9FB9DBA50638}.Debug|Any CPU.ActiveCfg = Debug|Any CPU
		{F13E7369-B78E-4132-B5E6-9FB9DBA50638}.Debug|Any CPU.Build.0 = Debug|Any CPU
		{F13E7369-B78E-4132-B5E6-9FB9DBA50638}.Release|Any CPU.ActiveCfg = Release|Any CPU
		{F13E7369-B78E-4132-B5E6-9FB9DBA50638}.Release|Any CPU.Build.0 = Release|Any CPU
		{60DB667E-DD27-4B2D-887E-B7D07C556F60}.Debug|Any CPU.ActiveCfg = Debug|Any CPU
		{60DB667E-DD27-4B2D-887E-B7D07C556F60}.Debug|Any CPU.Build.0 = Debug|Any CPU
		{60DB667E-DD27-4B2D-887E-B7D07C556F60}.Release|Any CPU.ActiveCfg = Release|Any CPU
		{60DB667E-DD27-4B2D-887E-B7D07C556F60}.Release|Any CPU.Build.0 = Release|Any CPU
		{81C9E4BB-039D-4A18-90AD-B413104D2BE9}.Debug|Any CPU.ActiveCfg = Debug|Any CPU
		{81C9E4BB-039D-4A18-90AD-B413104D2BE9}.Debug|Any CPU.Build.0 = Debug|Any CPU
		{81C9E4BB-039D-4A18-90AD-B413104D2BE9}.Release|Any CPU.ActiveCfg = Release|Any CPU
		{81C9E4BB-039D-4A18-90AD-B413104D2BE9}.Release|Any CPU.Build.0 = Release|Any CPU
		{37E3A401-59DC-45E8-BD24-CE9502D8C890}.Debug|Any CPU.ActiveCfg = Debug|Any CPU
		{37E3A401-59DC-45E8-BD24-CE9502D8C890}.Debug|Any CPU.Build.0 = Debug|Any CPU
		{37E3A401-59DC-45E8-BD24-CE9502D8C890}.Release|Any CPU.ActiveCfg = Release|Any CPU
		{37E3A401-59DC-45E8-BD24-CE9502D8C890}.Release|Any CPU.Build.0 = Release|Any CPU
		{7C563A0E-449C-4614-AA76-0CF0DF832AAF}.Debug|Any CPU.ActiveCfg = Debug|Any CPU
		{7C563A0E-449C-4614-AA76-0CF0DF832AAF}.Debug|Any CPU.Build.0 = Debug|Any CPU
		{7C563A0E-449C-4614-AA76-0CF0DF832AAF}.Release|Any CPU.ActiveCfg = Release|Any CPU
		{7C563A0E-449C-4614-AA76-0CF0DF832AAF}.Release|Any CPU.Build.0 = Release|Any CPU
		{2EBC5B00-F292-4AD4-852D-E161A0832462}.Debug|Any CPU.ActiveCfg = Debug|Any CPU
		{2EBC5B00-F292-4AD4-852D-E161A0832462}.Debug|Any CPU.Build.0 = Debug|Any CPU
		{2EBC5B00-F292-4AD4-852D-E161A0832462}.Release|Any CPU.ActiveCfg = Release|Any CPU
		{2EBC5B00-F292-4AD4-852D-E161A0832462}.Release|Any CPU.Build.0 = Release|Any CPU
		{0846FEA1-6745-40DB-80D3-E7A37881E899}.Debug|Any CPU.ActiveCfg = Debug|Any CPU
		{0846FEA1-6745-40DB-80D3-E7A37881E899}.Debug|Any CPU.Build.0 = Debug|Any CPU
		{0846FEA1-6745-40DB-80D3-E7A37881E899}.Release|Any CPU.ActiveCfg = Release|Any CPU
		{0846FEA1-6745-40DB-80D3-E7A37881E899}.Release|Any CPU.Build.0 = Release|Any CPU
		{FFD9CF66-3327-44D8-9329-3F2EC5531981}.Debug|Any CPU.ActiveCfg = Debug|Any CPU
		{FFD9CF66-3327-44D8-9329-3F2EC5531981}.Debug|Any CPU.Build.0 = Debug|Any CPU
		{FFD9CF66-3327-44D8-9329-3F2EC5531981}.Release|Any CPU.ActiveCfg = Release|Any CPU
		{FFD9CF66-3327-44D8-9329-3F2EC5531981}.Release|Any CPU.Build.0 = Release|Any CPU
		{63317AC7-666F-4378-A948-972A3F51F427}.Debug|Any CPU.ActiveCfg = Debug|Any CPU
		{63317AC7-666F-4378-A948-972A3F51F427}.Debug|Any CPU.Build.0 = Debug|Any CPU
		{63317AC7-666F-4378-A948-972A3F51F427}.Release|Any CPU.ActiveCfg = Release|Any CPU
		{63317AC7-666F-4378-A948-972A3F51F427}.Release|Any CPU.Build.0 = Release|Any CPU
	EndGlobalSection
	GlobalSection(SolutionProperties) = preSolution
		HideSolutionNode = FALSE
	EndGlobalSection
	GlobalSection(NestedProjects) = preSolution
		{24050F6A-0998-43D6-860B-2EC025D606C4} = {EC34FF67-C5B1-47C5-ADD7-D30E5DABD242}
		{D0FB3432-7825-46DC-96DA-A348AD58FCE5} = {EC34FF67-C5B1-47C5-ADD7-D30E5DABD242}
		{D314175F-6057-4EFD-BE1E-06B9C702D115} = {51D56015-664F-4ADD-8845-5F27F82124DA}
		{4610317A-2804-4D52-BB9A-22AFCE951D9E} = {EC34FF67-C5B1-47C5-ADD7-D30E5DABD242}
		{629DAC6E-50D4-48C5-A991-105249FCE9A1} = {51D56015-664F-4ADD-8845-5F27F82124DA}
		{F13E7369-B78E-4132-B5E6-9FB9DBA50638} = {51D56015-664F-4ADD-8845-5F27F82124DA}
		{60DB667E-DD27-4B2D-887E-B7D07C556F60} = {51D56015-664F-4ADD-8845-5F27F82124DA}
		{81C9E4BB-039D-4A18-90AD-B413104D2BE9} = {51D56015-664F-4ADD-8845-5F27F82124DA}
		{37E3A401-59DC-45E8-BD24-CE9502D8C890} = {EC34FF67-C5B1-47C5-ADD7-D30E5DABD242}
		{7C563A0E-449C-4614-AA76-0CF0DF832AAF} = {EC34FF67-C5B1-47C5-ADD7-D30E5DABD242}
		{2EBC5B00-F292-4AD4-852D-E161A0832462} = {EC34FF67-C5B1-47C5-ADD7-D30E5DABD242}
		{0846FEA1-6745-40DB-80D3-E7A37881E899} = {EC34FF67-C5B1-47C5-ADD7-D30E5DABD242}
		{FFD9CF66-3327-44D8-9329-3F2EC5531981} = {EC34FF67-C5B1-47C5-ADD7-D30E5DABD242}
		{63317AC7-666F-4378-A948-972A3F51F427} = {EC34FF67-C5B1-47C5-ADD7-D30E5DABD242}
	EndGlobalSection
	GlobalSection(ExtensibilityGlobals) = postSolution
		SolutionGuid = {162196A2-48F2-414D-8DBF-2B595159AAFC}
	EndGlobalSection
EndGlobal
